// !$*UTF8*$!
{
	archiveVersion = 1;
	classes = {
	};
	objectVersion = 50;
	objects = {

/* Begin PBXBuildFile section */
		86077DAF20C1A21E003FC654 /* MapVC.swift in Sources */ = {isa = PBXBuildFile; fileRef = 86077DAE20C1A21E003FC654 /* MapVC.swift */; };
		86077DB120C1A79D003FC654 /* ATM.swift in Sources */ = {isa = PBXBuildFile; fileRef = 86077DB020C1A79D003FC654 /* ATM.swift */; };
		86077DB320C1A885003FC654 /* Annotation.swift in Sources */ = {isa = PBXBuildFile; fileRef = 86077DB220C1A885003FC654 /* Annotation.swift */; };
		860C66272088C54F0095B574 /* Main.storyboard in Resources */ = {isa = PBXBuildFile; fileRef = 860C66262088C54F0095B574 /* Main.storyboard */; };
		862B0C9320B17C94008B45C3 /* MovementCell.swift in Sources */ = {isa = PBXBuildFile; fileRef = 862B0C9120B17C94008B45C3 /* MovementCell.swift */; };
		862B0C9420B17C94008B45C3 /* MovementCell.xib in Resources */ = {isa = PBXBuildFile; fileRef = 862B0C9220B17C94008B45C3 /* MovementCell.xib */; };
		862B0C9620B180AF008B45C3 /* MovementVC.swift in Sources */ = {isa = PBXBuildFile; fileRef = 862B0C9520B180AF008B45C3 /* MovementVC.swift */; };
		862B0C9820B19EC5008B45C3 /* MovementDataSource.swift in Sources */ = {isa = PBXBuildFile; fileRef = 862B0C9720B19EC5008B45C3 /* MovementDataSource.swift */; };
		862B0C9A20B19F4F008B45C3 /* Movement.swift in Sources */ = {isa = PBXBuildFile; fileRef = 862B0C9920B19F4F008B45C3 /* Movement.swift */; };
		864537D0209A123C0098A32F /* AccountsViewCell.swift in Sources */ = {isa = PBXBuildFile; fileRef = 864537CE209A123C0098A32F /* AccountsViewCell.swift */; };
		864537D1209A123C0098A32F /* AccountsViewCell.xib in Resources */ = {isa = PBXBuildFile; fileRef = 864537CF209A123C0098A32F /* AccountsViewCell.xib */; };
		864537D3209A15BD0098A32F /* Account.swift in Sources */ = {isa = PBXBuildFile; fileRef = 864537D2209A15BD0098A32F /* Account.swift */; };
		866DF24920A84A3500A5B101 /* RoundButton.swift in Sources */ = {isa = PBXBuildFile; fileRef = 866DF24820A84A3500A5B101 /* RoundButton.swift */; };
		866DF25220A8944C00A5B101 /* AddIncome.swift in Sources */ = {isa = PBXBuildFile; fileRef = 866DF25120A8944C00A5B101 /* AddIncome.swift */; };
		866DF25420A8956D00A5B101 /* StoryboardExtension.swift in Sources */ = {isa = PBXBuildFile; fileRef = 866DF25320A8956D00A5B101 /* StoryboardExtension.swift */; };
		866DF25620A8965B00A5B101 /* AddIncome.storyboard in Resources */ = {isa = PBXBuildFile; fileRef = 866DF25520A8965B00A5B101 /* AddIncome.storyboard */; };
		8686D7C120BDD5C10009F723 /* Array+Extensions.swift in Sources */ = {isa = PBXBuildFile; fileRef = 8686D77220BDD5C10009F723 /* Array+Extensions.swift */; };
		8686D7C220BDD5C10009F723 /* UISegmentedControl+Extensions.swift in Sources */ = {isa = PBXBuildFile; fileRef = 8686D77320BDD5C10009F723 /* UISegmentedControl+Extensions.swift */; };
		8686D7C320BDD5C10009F723 /* UIImageView+Extensions.swift in Sources */ = {isa = PBXBuildFile; fileRef = 8686D77420BDD5C10009F723 /* UIImageView+Extensions.swift */; };
		8686D7C420BDD5C10009F723 /* UIViewController+Extensions.swift in Sources */ = {isa = PBXBuildFile; fileRef = 8686D77520BDD5C10009F723 /* UIViewController+Extensions.swift */; };
		8686D7C520BDD5C10009F723 /* UIView+Extensions.swift in Sources */ = {isa = PBXBuildFile; fileRef = 8686D77620BDD5C10009F723 /* UIView+Extensions.swift */; };
		8686D7C620BDD5C10009F723 /* Date+Extension.swift in Sources */ = {isa = PBXBuildFile; fileRef = 8686D77720BDD5C10009F723 /* Date+Extension.swift */; };
		8686D7C720BDD5C10009F723 /* String+Extensions.swift in Sources */ = {isa = PBXBuildFile; fileRef = 8686D77820BDD5C10009F723 /* String+Extensions.swift */; };
		8686D7C820BDD5C10009F723 /* UITextView+Extensions.swift in Sources */ = {isa = PBXBuildFile; fileRef = 8686D77920BDD5C10009F723 /* UITextView+Extensions.swift */; };
		8686D7C920BDD5C10009F723 /* UIColor+Extensions.swift in Sources */ = {isa = PBXBuildFile; fileRef = 8686D77A20BDD5C10009F723 /* UIColor+Extensions.swift */; };
		8686D7CA20BDD5C10009F723 /* UIImage+Extensions.swift in Sources */ = {isa = PBXBuildFile; fileRef = 8686D77B20BDD5C10009F723 /* UIImage+Extensions.swift */; };
		8686D7CB20BDD5C10009F723 /* UISearchBar+Extensions.swift in Sources */ = {isa = PBXBuildFile; fileRef = 8686D77C20BDD5C10009F723 /* UISearchBar+Extensions.swift */; };
		8686D7CC20BDD5C10009F723 /* UIApplication+Extensions.swift in Sources */ = {isa = PBXBuildFile; fileRef = 8686D77D20BDD5C10009F723 /* UIApplication+Extensions.swift */; };
		8686D7CD20BDD5C10009F723 /* UIAlertController+Extensions.swift in Sources */ = {isa = PBXBuildFile; fileRef = 8686D77E20BDD5C10009F723 /* UIAlertController+Extensions.swift */; };
		8686D7CE20BDD5C10009F723 /* Optional+Extensions.swift in Sources */ = {isa = PBXBuildFile; fileRef = 8686D77F20BDD5C10009F723 /* Optional+Extensions.swift */; };
		8686D7CF20BDD5C10009F723 /* Common+Extensions.swift in Sources */ = {isa = PBXBuildFile; fileRef = 8686D78020BDD5C10009F723 /* Common+Extensions.swift */; };
		8686D7D020BDD5C10009F723 /* Locale+Extensions.swift in Sources */ = {isa = PBXBuildFile; fileRef = 8686D78120BDD5C10009F723 /* Locale+Extensions.swift */; };
		8686D7D120BDD5C10009F723 /* UITextField+Extensions.swift in Sources */ = {isa = PBXBuildFile; fileRef = 8686D78220BDD5C10009F723 /* UITextField+Extensions.swift */; };
		8686D7D220BDD5C10009F723 /* AttributedTextBlock.swift in Sources */ = {isa = PBXBuildFile; fileRef = 8686D78520BDD5C10009F723 /* AttributedTextBlock.swift */; };
		8686D7D320BDD5C10009F723 /* TextViewController.swift in Sources */ = {isa = PBXBuildFile; fileRef = 8686D78620BDD5C10009F723 /* TextViewController.swift */; };
		8686D7D420BDD5C10009F723 /* Countries.bundle in Resources */ = {isa = PBXBuildFile; fileRef = 8686D78920BDD5C10009F723 /* Countries.bundle */; };
		8686D7D520BDD5C10009F723 /* LocaleStore.swift in Sources */ = {isa = PBXBuildFile; fileRef = 8686D78B20BDD5C10009F723 /* LocaleStore.swift */; };
		8686D7D620BDD5C10009F723 /* LocaleInfo.swift in Sources */ = {isa = PBXBuildFile; fileRef = 8686D78D20BDD5C10009F723 /* LocaleInfo.swift */; };
		8686D7D720BDD5C10009F723 /* LocalePickerViewController.swift in Sources */ = {isa = PBXBuildFile; fileRef = 8686D78E20BDD5C10009F723 /* LocalePickerViewController.swift */; };
		8686D7D820BDD5C10009F723 /* PhoneCodeCell.swift in Sources */ = {isa = PBXBuildFile; fileRef = 8686D79020BDD5C10009F723 /* PhoneCodeCell.swift */; };
		8686D7D920BDD5C10009F723 /* CurrencyCell.swift in Sources */ = {isa = PBXBuildFile; fileRef = 8686D79120BDD5C10009F723 /* CurrencyCell.swift */; };
		8686D7DA20BDD5C10009F723 /* CountryCell.swift in Sources */ = {isa = PBXBuildFile; fileRef = 8686D79220BDD5C10009F723 /* CountryCell.swift */; };
		8686D7DB20BDD5C10009F723 /* TwoTextFieldsViewController.swift in Sources */ = {isa = PBXBuildFile; fileRef = 8686D79420BDD5C10009F723 /* TwoTextFieldsViewController.swift */; };
		8686D7DC20BDD5C10009F723 /* OneTextFieldViewController.swift in Sources */ = {isa = PBXBuildFile; fileRef = 8686D79520BDD5C10009F723 /* OneTextFieldViewController.swift */; };
		8686D7DD20BDD5C10009F723 /* Assets.swift in Sources */ = {isa = PBXBuildFile; fileRef = 8686D79820BDD5C10009F723 /* Assets.swift */; };
		8686D7DE20BDD5C10009F723 /* PhotoLibraryPickerViewController.swift in Sources */ = {isa = PBXBuildFile; fileRef = 8686D79920BDD5C10009F723 /* PhotoLibraryPickerViewController.swift */; };
		8686D7E420BDD5C10009F723 /* PickerViewViewController.swift in Sources */ = {isa = PBXBuildFile; fileRef = 8686D7A320BDD5C10009F723 /* PickerViewViewController.swift */; };
		8686D7E520BDD5C10009F723 /* ContactsPickerViewController.swift in Sources */ = {isa = PBXBuildFile; fileRef = 8686D7A520BDD5C10009F723 /* ContactsPickerViewController.swift */; };
		8686D7E620BDD5C10009F723 /* Contacts.swift in Sources */ = {isa = PBXBuildFile; fileRef = 8686D7A720BDD5C10009F723 /* Contacts.swift */; };
		8686D7E720BDD5C10009F723 /* Contact.swift in Sources */ = {isa = PBXBuildFile; fileRef = 8686D7A920BDD5C10009F723 /* Contact.swift */; };
		8686D7E820BDD5C10009F723 /* ContactCell.swift in Sources */ = {isa = PBXBuildFile; fileRef = 8686D7AB20BDD5C10009F723 /* ContactCell.swift */; };
		8686D7E920BDD5C10009F723 /* ColorPickerViewController.swift in Sources */ = {isa = PBXBuildFile; fileRef = 8686D7AD20BDD5C10009F723 /* ColorPickerViewController.swift */; };
		8686D7EA20BDD5C10009F723 /* DatePickerViewController.swift in Sources */ = {isa = PBXBuildFile; fileRef = 8686D7AF20BDD5C10009F723 /* DatePickerViewController.swift */; };
		8686D7EB20BDD5C10009F723 /* ImagePickerViewController.swift in Sources */ = {isa = PBXBuildFile; fileRef = 8686D7B120BDD5C10009F723 /* ImagePickerViewController.swift */; };
		8686D7EC20BDD5C10009F723 /* ItemWithImage.swift in Sources */ = {isa = PBXBuildFile; fileRef = 8686D7B320BDD5C10009F723 /* ItemWithImage.swift */; };
		8686D7ED20BDD5C10009F723 /* PhotoLayout.swift in Sources */ = {isa = PBXBuildFile; fileRef = 8686D7B620BDD5C10009F723 /* PhotoLayout.swift */; };
		8686D7EE20BDD5C10009F723 /* TelegramPickerViewController.swift in Sources */ = {isa = PBXBuildFile; fileRef = 8686D7B720BDD5C10009F723 /* TelegramPickerViewController.swift */; };
		8686D7EF20BDD5C10009F723 /* ItemWithPhoto.swift in Sources */ = {isa = PBXBuildFile; fileRef = 8686D7B920BDD5C10009F723 /* ItemWithPhoto.swift */; };
		8686D7F020BDD5C10009F723 /* LikeButtonCell.swift in Sources */ = {isa = PBXBuildFile; fileRef = 8686D7BA20BDD5C10009F723 /* LikeButtonCell.swift */; };
		8686D7F120BDD5C10009F723 /* Label.swift in Sources */ = {isa = PBXBuildFile; fileRef = 8686D7BC20BDD5C10009F723 /* Label.swift */; };
		8686D7F220BDD5C10009F723 /* SegmentedControl.swift in Sources */ = {isa = PBXBuildFile; fileRef = 8686D7BD20BDD5C10009F723 /* SegmentedControl.swift */; };
		8686D7F320BDD5C10009F723 /* GradientSlider.swift in Sources */ = {isa = PBXBuildFile; fileRef = 8686D7BE20BDD5C10009F723 /* GradientSlider.swift */; };
		8686D7F420BDD5C10009F723 /* TextField.swift in Sources */ = {isa = PBXBuildFile; fileRef = 8686D7BF20BDD5C10009F723 /* TextField.swift */; };
		8686D7F520BDD5C10009F723 /* Button.swift in Sources */ = {isa = PBXBuildFile; fileRef = 8686D7C020BDD5C10009F723 /* Button.swift */; };
		8689776420BC7F2C00F0D94E /* SideMenuVC.swift in Sources */ = {isa = PBXBuildFile; fileRef = 8689776320BC7F2C00F0D94E /* SideMenuVC.swift */; };
		868E0E8420C9182F00E9EE86 /* AccountDataSource.swift in Sources */ = {isa = PBXBuildFile; fileRef = 868E0E8320C9182F00E9EE86 /* AccountDataSource.swift */; };
		869116B520C284D70051546B /* ClusterView.swift in Sources */ = {isa = PBXBuildFile; fileRef = 869116B420C284D70051546B /* ClusterView.swift */; };
		869116B720C2F7F40051546B /* AddAccountVC.swift in Sources */ = {isa = PBXBuildFile; fileRef = 869116B620C2F7F40051546B /* AddAccountVC.swift */; };
		869116B920C566540051546B /* ProfileVC.swift in Sources */ = {isa = PBXBuildFile; fileRef = 869116B820C566540051546B /* ProfileVC.swift */; };
		869116BB20C5735D0051546B /* Strings.swift in Sources */ = {isa = PBXBuildFile; fileRef = 869116BA20C5735D0051546B /* Strings.swift */; };
		869D5DDD20A74A4700A8F0A8 /* Lato-Bold.ttf in Resources */ = {isa = PBXBuildFile; fileRef = 869D5DD820A74A4700A8F0A8 /* Lato-Bold.ttf */; };
		869D5DDE20A74A4700A8F0A8 /* Lato-Medium.ttf in Resources */ = {isa = PBXBuildFile; fileRef = 869D5DD920A74A4700A8F0A8 /* Lato-Medium.ttf */; };
		869D5DDF20A74A4700A8F0A8 /* Lato-Light.ttf in Resources */ = {isa = PBXBuildFile; fileRef = 869D5DDA20A74A4700A8F0A8 /* Lato-Light.ttf */; };
		869D5DE020A74A4700A8F0A8 /* Lato-Semibold.ttf in Resources */ = {isa = PBXBuildFile; fileRef = 869D5DDB20A74A4700A8F0A8 /* Lato-Semibold.ttf */; };
		869D5DE120A74A4700A8F0A8 /* Lato-Thin.ttf in Resources */ = {isa = PBXBuildFile; fileRef = 869D5DDC20A74A4700A8F0A8 /* Lato-Thin.ttf */; };
		869D5DE320A74BFA00A8F0A8 /* Style.swift in Sources */ = {isa = PBXBuildFile; fileRef = 869D5DE220A74BFA00A8F0A8 /* Style.swift */; };
		869F029220873D2400B8D2DE /* Splash.swift in Sources */ = {isa = PBXBuildFile; fileRef = 869F029120873D2400B8D2DE /* Splash.swift */; };
		869F02CB20877B7900B8D2DE /* Splash.storyboard in Resources */ = {isa = PBXBuildFile; fileRef = 869F02CA20877B7900B8D2DE /* Splash.storyboard */; };
		869F02CF208784E200B8D2DE /* Login.storyboard in Resources */ = {isa = PBXBuildFile; fileRef = 869F02CE208784E200B8D2DE /* Login.storyboard */; };
		86A04A38208620DF00EB12FF /* MyFirebase.swift in Sources */ = {isa = PBXBuildFile; fileRef = 86A04A37208620DF00EB12FF /* MyFirebase.swift */; };
		86A04D022084D0CB00C3CBDB /* Main.swift in Sources */ = {isa = PBXBuildFile; fileRef = 86A04D012084D0CB00C3CBDB /* Main.swift */; };
		86A04D082084E7F400C3CBDB /* Service.swift in Sources */ = {isa = PBXBuildFile; fileRef = 86A04D072084E7F400C3CBDB /* Service.swift */; };
		86A9D55420849B88008F7E18 /* AppDelegate.swift in Sources */ = {isa = PBXBuildFile; fileRef = 86A9D55320849B88008F7E18 /* AppDelegate.swift */; };
		86A9D55620849B88008F7E18 /* Login.swift in Sources */ = {isa = PBXBuildFile; fileRef = 86A9D55520849B88008F7E18 /* Login.swift */; };
		86A9D55B20849B8A008F7E18 /* Assets.xcassets in Resources */ = {isa = PBXBuildFile; fileRef = 86A9D55A20849B8A008F7E18 /* Assets.xcassets */; };
		86CBD58B20AB0A15001A0100 /* IncomeCalculator.swift in Sources */ = {isa = PBXBuildFile; fileRef = 86CBD58A20AB0A15001A0100 /* IncomeCalculator.swift */; };
		86D8E3BB20AE2C130033A3A3 /* Router.swift in Sources */ = {isa = PBXBuildFile; fileRef = 86D8E3BA20AE2C130033A3A3 /* Router.swift */; };
		86DB7FC220C1E5D500D29C31 /* GoogleService-Info.plist in Resources */ = {isa = PBXBuildFile; fileRef = 86DB7FC120C1E5D500D29C31 /* GoogleService-Info.plist */; };
		A8BBF0308FD14F00F9E950DB /* Pods_MasaMoney.framework in Frameworks */ = {isa = PBXBuildFile; fileRef = BE2ED6F262DA01B356206276 /* Pods_MasaMoney.framework */; };
/* End PBXBuildFile section */

/* Begin PBXFileReference section */
		86077DAE20C1A21E003FC654 /* MapVC.swift */ = {isa = PBXFileReference; lastKnownFileType = sourcecode.swift; path = MapVC.swift; sourceTree = "<group>"; };
		86077DB020C1A79D003FC654 /* ATM.swift */ = {isa = PBXFileReference; lastKnownFileType = sourcecode.swift; path = ATM.swift; sourceTree = "<group>"; };
		86077DB220C1A885003FC654 /* Annotation.swift */ = {isa = PBXFileReference; lastKnownFileType = sourcecode.swift; path = Annotation.swift; sourceTree = "<group>"; };
		860C66262088C54F0095B574 /* Main.storyboard */ = {isa = PBXFileReference; lastKnownFileType = file.storyboard; path = Main.storyboard; sourceTree = "<group>"; };
		862B0C9120B17C94008B45C3 /* MovementCell.swift */ = {isa = PBXFileReference; lastKnownFileType = sourcecode.swift; path = MovementCell.swift; sourceTree = "<group>"; };
		862B0C9220B17C94008B45C3 /* MovementCell.xib */ = {isa = PBXFileReference; lastKnownFileType = file.xib; path = MovementCell.xib; sourceTree = "<group>"; };
		862B0C9520B180AF008B45C3 /* MovementVC.swift */ = {isa = PBXFileReference; lastKnownFileType = sourcecode.swift; path = MovementVC.swift; sourceTree = "<group>"; };
		862B0C9720B19EC5008B45C3 /* MovementDataSource.swift */ = {isa = PBXFileReference; lastKnownFileType = sourcecode.swift; path = MovementDataSource.swift; sourceTree = "<group>"; };
		862B0C9920B19F4F008B45C3 /* Movement.swift */ = {isa = PBXFileReference; lastKnownFileType = sourcecode.swift; path = Movement.swift; sourceTree = "<group>"; };
		864537CE209A123C0098A32F /* AccountsViewCell.swift */ = {isa = PBXFileReference; lastKnownFileType = sourcecode.swift; path = AccountsViewCell.swift; sourceTree = "<group>"; };
		864537CF209A123C0098A32F /* AccountsViewCell.xib */ = {isa = PBXFileReference; lastKnownFileType = file.xib; path = AccountsViewCell.xib; sourceTree = "<group>"; };
		864537D2209A15BD0098A32F /* Account.swift */ = {isa = PBXFileReference; lastKnownFileType = sourcecode.swift; path = Account.swift; sourceTree = "<group>"; };
		866DF24820A84A3500A5B101 /* RoundButton.swift */ = {isa = PBXFileReference; lastKnownFileType = sourcecode.swift; path = RoundButton.swift; sourceTree = "<group>"; };
		866DF25120A8944C00A5B101 /* AddIncome.swift */ = {isa = PBXFileReference; lastKnownFileType = sourcecode.swift; path = AddIncome.swift; sourceTree = "<group>"; };
		866DF25320A8956D00A5B101 /* StoryboardExtension.swift */ = {isa = PBXFileReference; lastKnownFileType = sourcecode.swift; path = StoryboardExtension.swift; sourceTree = "<group>"; };
		866DF25520A8965B00A5B101 /* AddIncome.storyboard */ = {isa = PBXFileReference; lastKnownFileType = file.storyboard; path = AddIncome.storyboard; sourceTree = "<group>"; };
		8686D77220BDD5C10009F723 /* Array+Extensions.swift */ = {isa = PBXFileReference; fileEncoding = 4; lastKnownFileType = sourcecode.swift; path = "Array+Extensions.swift"; sourceTree = "<group>"; };
		8686D77320BDD5C10009F723 /* UISegmentedControl+Extensions.swift */ = {isa = PBXFileReference; fileEncoding = 4; lastKnownFileType = sourcecode.swift; path = "UISegmentedControl+Extensions.swift"; sourceTree = "<group>"; };
		8686D77420BDD5C10009F723 /* UIImageView+Extensions.swift */ = {isa = PBXFileReference; fileEncoding = 4; lastKnownFileType = sourcecode.swift; path = "UIImageView+Extensions.swift"; sourceTree = "<group>"; };
		8686D77520BDD5C10009F723 /* UIViewController+Extensions.swift */ = {isa = PBXFileReference; fileEncoding = 4; lastKnownFileType = sourcecode.swift; path = "UIViewController+Extensions.swift"; sourceTree = "<group>"; };
		8686D77620BDD5C10009F723 /* UIView+Extensions.swift */ = {isa = PBXFileReference; fileEncoding = 4; lastKnownFileType = sourcecode.swift; path = "UIView+Extensions.swift"; sourceTree = "<group>"; };
		8686D77720BDD5C10009F723 /* Date+Extension.swift */ = {isa = PBXFileReference; fileEncoding = 4; lastKnownFileType = sourcecode.swift; path = "Date+Extension.swift"; sourceTree = "<group>"; };
		8686D77820BDD5C10009F723 /* String+Extensions.swift */ = {isa = PBXFileReference; fileEncoding = 4; lastKnownFileType = sourcecode.swift; path = "String+Extensions.swift"; sourceTree = "<group>"; };
		8686D77920BDD5C10009F723 /* UITextView+Extensions.swift */ = {isa = PBXFileReference; fileEncoding = 4; lastKnownFileType = sourcecode.swift; path = "UITextView+Extensions.swift"; sourceTree = "<group>"; };
		8686D77A20BDD5C10009F723 /* UIColor+Extensions.swift */ = {isa = PBXFileReference; fileEncoding = 4; lastKnownFileType = sourcecode.swift; path = "UIColor+Extensions.swift"; sourceTree = "<group>"; };
		8686D77B20BDD5C10009F723 /* UIImage+Extensions.swift */ = {isa = PBXFileReference; fileEncoding = 4; lastKnownFileType = sourcecode.swift; path = "UIImage+Extensions.swift"; sourceTree = "<group>"; };
		8686D77C20BDD5C10009F723 /* UISearchBar+Extensions.swift */ = {isa = PBXFileReference; fileEncoding = 4; lastKnownFileType = sourcecode.swift; path = "UISearchBar+Extensions.swift"; sourceTree = "<group>"; };
		8686D77D20BDD5C10009F723 /* UIApplication+Extensions.swift */ = {isa = PBXFileReference; fileEncoding = 4; lastKnownFileType = sourcecode.swift; path = "UIApplication+Extensions.swift"; sourceTree = "<group>"; };
		8686D77E20BDD5C10009F723 /* UIAlertController+Extensions.swift */ = {isa = PBXFileReference; fileEncoding = 4; lastKnownFileType = sourcecode.swift; path = "UIAlertController+Extensions.swift"; sourceTree = "<group>"; };
		8686D77F20BDD5C10009F723 /* Optional+Extensions.swift */ = {isa = PBXFileReference; fileEncoding = 4; lastKnownFileType = sourcecode.swift; path = "Optional+Extensions.swift"; sourceTree = "<group>"; };
		8686D78020BDD5C10009F723 /* Common+Extensions.swift */ = {isa = PBXFileReference; fileEncoding = 4; lastKnownFileType = sourcecode.swift; path = "Common+Extensions.swift"; sourceTree = "<group>"; };
		8686D78120BDD5C10009F723 /* Locale+Extensions.swift */ = {isa = PBXFileReference; fileEncoding = 4; lastKnownFileType = sourcecode.swift; path = "Locale+Extensions.swift"; sourceTree = "<group>"; };
		8686D78220BDD5C10009F723 /* UITextField+Extensions.swift */ = {isa = PBXFileReference; fileEncoding = 4; lastKnownFileType = sourcecode.swift; path = "UITextField+Extensions.swift"; sourceTree = "<group>"; };
		8686D78520BDD5C10009F723 /* AttributedTextBlock.swift */ = {isa = PBXFileReference; fileEncoding = 4; lastKnownFileType = sourcecode.swift; path = AttributedTextBlock.swift; sourceTree = "<group>"; };
		8686D78620BDD5C10009F723 /* TextViewController.swift */ = {isa = PBXFileReference; fileEncoding = 4; lastKnownFileType = sourcecode.swift; path = TextViewController.swift; sourceTree = "<group>"; };
		8686D78920BDD5C10009F723 /* Countries.bundle */ = {isa = PBXFileReference; lastKnownFileType = "wrapper.plug-in"; path = Countries.bundle; sourceTree = "<group>"; };
		8686D78B20BDD5C10009F723 /* LocaleStore.swift */ = {isa = PBXFileReference; fileEncoding = 4; lastKnownFileType = sourcecode.swift; path = LocaleStore.swift; sourceTree = "<group>"; };
		8686D78D20BDD5C10009F723 /* LocaleInfo.swift */ = {isa = PBXFileReference; fileEncoding = 4; lastKnownFileType = sourcecode.swift; path = LocaleInfo.swift; sourceTree = "<group>"; };
		8686D78E20BDD5C10009F723 /* LocalePickerViewController.swift */ = {isa = PBXFileReference; fileEncoding = 4; lastKnownFileType = sourcecode.swift; path = LocalePickerViewController.swift; sourceTree = "<group>"; };
		8686D79020BDD5C10009F723 /* PhoneCodeCell.swift */ = {isa = PBXFileReference; fileEncoding = 4; lastKnownFileType = sourcecode.swift; path = PhoneCodeCell.swift; sourceTree = "<group>"; };
		8686D79120BDD5C10009F723 /* CurrencyCell.swift */ = {isa = PBXFileReference; fileEncoding = 4; lastKnownFileType = sourcecode.swift; path = CurrencyCell.swift; sourceTree = "<group>"; };
		8686D79220BDD5C10009F723 /* CountryCell.swift */ = {isa = PBXFileReference; fileEncoding = 4; lastKnownFileType = sourcecode.swift; path = CountryCell.swift; sourceTree = "<group>"; };
		8686D79420BDD5C10009F723 /* TwoTextFieldsViewController.swift */ = {isa = PBXFileReference; fileEncoding = 4; lastKnownFileType = sourcecode.swift; path = TwoTextFieldsViewController.swift; sourceTree = "<group>"; };
		8686D79520BDD5C10009F723 /* OneTextFieldViewController.swift */ = {isa = PBXFileReference; fileEncoding = 4; lastKnownFileType = sourcecode.swift; path = OneTextFieldViewController.swift; sourceTree = "<group>"; };
		8686D79820BDD5C10009F723 /* Assets.swift */ = {isa = PBXFileReference; fileEncoding = 4; lastKnownFileType = sourcecode.swift; path = Assets.swift; sourceTree = "<group>"; };
		8686D79920BDD5C10009F723 /* PhotoLibraryPickerViewController.swift */ = {isa = PBXFileReference; fileEncoding = 4; lastKnownFileType = sourcecode.swift; path = PhotoLibraryPickerViewController.swift; sourceTree = "<group>"; };
		8686D7A320BDD5C10009F723 /* PickerViewViewController.swift */ = {isa = PBXFileReference; fileEncoding = 4; lastKnownFileType = sourcecode.swift; path = PickerViewViewController.swift; sourceTree = "<group>"; };
		8686D7A520BDD5C10009F723 /* ContactsPickerViewController.swift */ = {isa = PBXFileReference; fileEncoding = 4; lastKnownFileType = sourcecode.swift; path = ContactsPickerViewController.swift; sourceTree = "<group>"; };
		8686D7A720BDD5C10009F723 /* Contacts.swift */ = {isa = PBXFileReference; fileEncoding = 4; lastKnownFileType = sourcecode.swift; path = Contacts.swift; sourceTree = "<group>"; };
		8686D7A920BDD5C10009F723 /* Contact.swift */ = {isa = PBXFileReference; fileEncoding = 4; lastKnownFileType = sourcecode.swift; path = Contact.swift; sourceTree = "<group>"; };
		8686D7AB20BDD5C10009F723 /* ContactCell.swift */ = {isa = PBXFileReference; fileEncoding = 4; lastKnownFileType = sourcecode.swift; path = ContactCell.swift; sourceTree = "<group>"; };
		8686D7AD20BDD5C10009F723 /* ColorPickerViewController.swift */ = {isa = PBXFileReference; fileEncoding = 4; lastKnownFileType = sourcecode.swift; path = ColorPickerViewController.swift; sourceTree = "<group>"; };
		8686D7AF20BDD5C10009F723 /* DatePickerViewController.swift */ = {isa = PBXFileReference; fileEncoding = 4; lastKnownFileType = sourcecode.swift; path = DatePickerViewController.swift; sourceTree = "<group>"; };
		8686D7B120BDD5C10009F723 /* ImagePickerViewController.swift */ = {isa = PBXFileReference; fileEncoding = 4; lastKnownFileType = sourcecode.swift; path = ImagePickerViewController.swift; sourceTree = "<group>"; };
		8686D7B320BDD5C10009F723 /* ItemWithImage.swift */ = {isa = PBXFileReference; fileEncoding = 4; lastKnownFileType = sourcecode.swift; path = ItemWithImage.swift; sourceTree = "<group>"; };
		8686D7B620BDD5C10009F723 /* PhotoLayout.swift */ = {isa = PBXFileReference; fileEncoding = 4; lastKnownFileType = sourcecode.swift; path = PhotoLayout.swift; sourceTree = "<group>"; };
		8686D7B720BDD5C10009F723 /* TelegramPickerViewController.swift */ = {isa = PBXFileReference; fileEncoding = 4; lastKnownFileType = sourcecode.swift; path = TelegramPickerViewController.swift; sourceTree = "<group>"; };
		8686D7B920BDD5C10009F723 /* ItemWithPhoto.swift */ = {isa = PBXFileReference; fileEncoding = 4; lastKnownFileType = sourcecode.swift; path = ItemWithPhoto.swift; sourceTree = "<group>"; };
		8686D7BA20BDD5C10009F723 /* LikeButtonCell.swift */ = {isa = PBXFileReference; fileEncoding = 4; lastKnownFileType = sourcecode.swift; path = LikeButtonCell.swift; sourceTree = "<group>"; };
		8686D7BC20BDD5C10009F723 /* Label.swift */ = {isa = PBXFileReference; fileEncoding = 4; lastKnownFileType = sourcecode.swift; path = Label.swift; sourceTree = "<group>"; };
		8686D7BD20BDD5C10009F723 /* SegmentedControl.swift */ = {isa = PBXFileReference; fileEncoding = 4; lastKnownFileType = sourcecode.swift; path = SegmentedControl.swift; sourceTree = "<group>"; };
		8686D7BE20BDD5C10009F723 /* GradientSlider.swift */ = {isa = PBXFileReference; fileEncoding = 4; lastKnownFileType = sourcecode.swift; path = GradientSlider.swift; sourceTree = "<group>"; };
		8686D7BF20BDD5C10009F723 /* TextField.swift */ = {isa = PBXFileReference; fileEncoding = 4; lastKnownFileType = sourcecode.swift; path = TextField.swift; sourceTree = "<group>"; };
		8686D7C020BDD5C10009F723 /* Button.swift */ = {isa = PBXFileReference; fileEncoding = 4; lastKnownFileType = sourcecode.swift; path = Button.swift; sourceTree = "<group>"; };
		8689776320BC7F2C00F0D94E /* SideMenuVC.swift */ = {isa = PBXFileReference; lastKnownFileType = sourcecode.swift; path = SideMenuVC.swift; sourceTree = "<group>"; };
		868E0E8320C9182F00E9EE86 /* AccountDataSource.swift */ = {isa = PBXFileReference; lastKnownFileType = sourcecode.swift; path = AccountDataSource.swift; sourceTree = "<group>"; };
		869116B420C284D70051546B /* ClusterView.swift */ = {isa = PBXFileReference; lastKnownFileType = sourcecode.swift; path = ClusterView.swift; sourceTree = "<group>"; };
		869116B620C2F7F40051546B /* AddAccountVC.swift */ = {isa = PBXFileReference; lastKnownFileType = sourcecode.swift; path = AddAccountVC.swift; sourceTree = "<group>"; };
		869116B820C566540051546B /* ProfileVC.swift */ = {isa = PBXFileReference; lastKnownFileType = sourcecode.swift; path = ProfileVC.swift; sourceTree = "<group>"; };
		869116BA20C5735D0051546B /* Strings.swift */ = {isa = PBXFileReference; lastKnownFileType = sourcecode.swift; path = Strings.swift; sourceTree = "<group>"; };
		869D5DD820A74A4700A8F0A8 /* Lato-Bold.ttf */ = {isa = PBXFileReference; lastKnownFileType = file; name = "Lato-Bold.ttf"; path = "MasaMoney/Classes/Support/Fonts/Lato-Bold.ttf"; sourceTree = SOURCE_ROOT; };
		869D5DD920A74A4700A8F0A8 /* Lato-Medium.ttf */ = {isa = PBXFileReference; lastKnownFileType = file; name = "Lato-Medium.ttf"; path = "MasaMoney/Classes/Support/Fonts/Lato-Medium.ttf"; sourceTree = SOURCE_ROOT; };
		869D5DDA20A74A4700A8F0A8 /* Lato-Light.ttf */ = {isa = PBXFileReference; lastKnownFileType = file; name = "Lato-Light.ttf"; path = "MasaMoney/Classes/Support/Fonts/Lato-Light.ttf"; sourceTree = SOURCE_ROOT; };
		869D5DDB20A74A4700A8F0A8 /* Lato-Semibold.ttf */ = {isa = PBXFileReference; lastKnownFileType = file; name = "Lato-Semibold.ttf"; path = "MasaMoney/Classes/Support/Fonts/Lato-Semibold.ttf"; sourceTree = SOURCE_ROOT; };
		869D5DDC20A74A4700A8F0A8 /* Lato-Thin.ttf */ = {isa = PBXFileReference; lastKnownFileType = file; name = "Lato-Thin.ttf"; path = "MasaMoney/Classes/Support/Fonts/Lato-Thin.ttf"; sourceTree = SOURCE_ROOT; };
		869D5DE220A74BFA00A8F0A8 /* Style.swift */ = {isa = PBXFileReference; lastKnownFileType = sourcecode.swift; path = Style.swift; sourceTree = "<group>"; };
		869F029120873D2400B8D2DE /* Splash.swift */ = {isa = PBXFileReference; fileEncoding = 4; lastKnownFileType = sourcecode.swift; path = Splash.swift; sourceTree = "<group>"; };
		869F02CA20877B7900B8D2DE /* Splash.storyboard */ = {isa = PBXFileReference; lastKnownFileType = file.storyboard; path = Splash.storyboard; sourceTree = "<group>"; };
		869F02CE208784E200B8D2DE /* Login.storyboard */ = {isa = PBXFileReference; lastKnownFileType = file.storyboard; path = Login.storyboard; sourceTree = "<group>"; };
		86A04A37208620DF00EB12FF /* MyFirebase.swift */ = {isa = PBXFileReference; fileEncoding = 4; lastKnownFileType = sourcecode.swift; path = MyFirebase.swift; sourceTree = "<group>"; };
		86A04D012084D0CB00C3CBDB /* Main.swift */ = {isa = PBXFileReference; lastKnownFileType = sourcecode.swift; path = Main.swift; sourceTree = "<group>"; };
		86A04D072084E7F400C3CBDB /* Service.swift */ = {isa = PBXFileReference; fileEncoding = 4; lastKnownFileType = sourcecode.swift; path = Service.swift; sourceTree = "<group>"; };
		86A9D55020849B88008F7E18 /* MasaMoney.app */ = {isa = PBXFileReference; explicitFileType = wrapper.application; includeInIndex = 0; path = MasaMoney.app; sourceTree = BUILT_PRODUCTS_DIR; };
		86A9D55320849B88008F7E18 /* AppDelegate.swift */ = {isa = PBXFileReference; lastKnownFileType = sourcecode.swift; path = AppDelegate.swift; sourceTree = "<group>"; };
		86A9D55520849B88008F7E18 /* Login.swift */ = {isa = PBXFileReference; lastKnownFileType = sourcecode.swift; path = Login.swift; sourceTree = "<group>"; };
		86A9D55A20849B8A008F7E18 /* Assets.xcassets */ = {isa = PBXFileReference; lastKnownFileType = folder.assetcatalog; path = Assets.xcassets; sourceTree = "<group>"; };
		86A9D55F20849B8A008F7E18 /* Info.plist */ = {isa = PBXFileReference; lastKnownFileType = text.plist.xml; path = Info.plist; sourceTree = "<group>"; };
		86CBD58A20AB0A15001A0100 /* IncomeCalculator.swift */ = {isa = PBXFileReference; lastKnownFileType = sourcecode.swift; path = IncomeCalculator.swift; sourceTree = "<group>"; };
		86D8E3BA20AE2C130033A3A3 /* Router.swift */ = {isa = PBXFileReference; lastKnownFileType = sourcecode.swift; path = Router.swift; sourceTree = "<group>"; };
		86DB7FC120C1E5D500D29C31 /* GoogleService-Info.plist */ = {isa = PBXFileReference; fileEncoding = 4; lastKnownFileType = text.plist.xml; path = "GoogleService-Info.plist"; sourceTree = "<group>"; };
		BE2ED6F262DA01B356206276 /* Pods_MasaMoney.framework */ = {isa = PBXFileReference; explicitFileType = wrapper.framework; includeInIndex = 0; path = Pods_MasaMoney.framework; sourceTree = BUILT_PRODUCTS_DIR; };
		DAF6FCE7E6BBA08FDACF6015 /* Pods-MasaMoney.debug.xcconfig */ = {isa = PBXFileReference; includeInIndex = 1; lastKnownFileType = text.xcconfig; name = "Pods-MasaMoney.debug.xcconfig"; path = "Pods/Target Support Files/Pods-MasaMoney/Pods-MasaMoney.debug.xcconfig"; sourceTree = "<group>"; };
		FC7C4152BC7F51CC1D0F26B9 /* Pods-MasaMoney.release.xcconfig */ = {isa = PBXFileReference; includeInIndex = 1; lastKnownFileType = text.xcconfig; name = "Pods-MasaMoney.release.xcconfig"; path = "Pods/Target Support Files/Pods-MasaMoney/Pods-MasaMoney.release.xcconfig"; sourceTree = "<group>"; };
/* End PBXFileReference section */

/* Begin PBXFrameworksBuildPhase section */
		86A9D54D20849B88008F7E18 /* Frameworks */ = {
			isa = PBXFrameworksBuildPhase;
			buildActionMask = 2147483647;
			files = (
				A8BBF0308FD14F00F9E950DB /* Pods_MasaMoney.framework in Frameworks */,
			);
			runOnlyForDeploymentPostprocessing = 0;
		};
/* End PBXFrameworksBuildPhase section */

/* Begin PBXGroup section */
		53A2EF47767F30472D157F8B /* Pods */ = {
			isa = PBXGroup;
			children = (
				DAF6FCE7E6BBA08FDACF6015 /* Pods-MasaMoney.debug.xcconfig */,
				FC7C4152BC7F51CC1D0F26B9 /* Pods-MasaMoney.release.xcconfig */,
			);
			name = Pods;
			sourceTree = "<group>";
		};
		86077DAD20C1A1FB003FC654 /* SideMenu */ = {
			isa = PBXGroup;
			children = (
				8689776320BC7F2C00F0D94E /* SideMenuVC.swift */,
				86077DAE20C1A21E003FC654 /* MapVC.swift */,
				869116B820C566540051546B /* ProfileVC.swift */,
			);
			path = SideMenu;
			sourceTree = "<group>";
		};
		862B0C8D20B17C10008B45C3 /* Movements */ = {
			isa = PBXGroup;
			children = (
				862B0C9020B17C43008B45C3 /* Cells */,
				862B0C9520B180AF008B45C3 /* MovementVC.swift */,
				862B0C9720B19EC5008B45C3 /* MovementDataSource.swift */,
			);
			path = Movements;
			sourceTree = "<group>";
		};
		862B0C9020B17C43008B45C3 /* Cells */ = {
			isa = PBXGroup;
			children = (
				862B0C9120B17C94008B45C3 /* MovementCell.swift */,
				862B0C9220B17C94008B45C3 /* MovementCell.xib */,
			);
			path = Cells;
			sourceTree = "<group>";
		};
		864537CD209A11F70098A32F /* Cells */ = {
			isa = PBXGroup;
			children = (
				864537CE209A123C0098A32F /* AccountsViewCell.swift */,
				864537CF209A123C0098A32F /* AccountsViewCell.xib */,
			);
			path = Cells;
			sourceTree = "<group>";
		};
		866DF24E20A8936700A5B101 /* AddIncome */ = {
			isa = PBXGroup;
			children = (
				866DF25120A8944C00A5B101 /* AddIncome.swift */,
				86CBD58A20AB0A15001A0100 /* IncomeCalculator.swift */,
			);
			path = AddIncome;
			sourceTree = "<group>";
		};
		866DF25720A8976A00A5B101 /* Storyboards */ = {
			isa = PBXGroup;
			children = (
				869F02CA20877B7900B8D2DE /* Splash.storyboard */,
				869F02CE208784E200B8D2DE /* Login.storyboard */,
				860C66262088C54F0095B574 /* Main.storyboard */,
				866DF25520A8965B00A5B101 /* AddIncome.storyboard */,
			);
			path = Storyboards;
			sourceTree = "<group>";
		};
		8686D77020BDD5C10009F723 /* Source */ = {
			isa = PBXGroup;
			children = (
				8686D77120BDD5C10009F723 /* Extensions */,
				8686D78320BDD5C10009F723 /* Viewers */,
				8686D78720BDD5C10009F723 /* Pickers */,
				8686D7BB20BDD5C10009F723 /* Views */,
			);
			name = Source;
			path = MasaMoney/Source;
			sourceTree = SOURCE_ROOT;
		};
		8686D77120BDD5C10009F723 /* Extensions */ = {
			isa = PBXGroup;
			children = (
				8686D77220BDD5C10009F723 /* Array+Extensions.swift */,
				8686D77320BDD5C10009F723 /* UISegmentedControl+Extensions.swift */,
				8686D77420BDD5C10009F723 /* UIImageView+Extensions.swift */,
				8686D77520BDD5C10009F723 /* UIViewController+Extensions.swift */,
				8686D77620BDD5C10009F723 /* UIView+Extensions.swift */,
				8686D77720BDD5C10009F723 /* Date+Extension.swift */,
				8686D77820BDD5C10009F723 /* String+Extensions.swift */,
				8686D77920BDD5C10009F723 /* UITextView+Extensions.swift */,
				8686D77A20BDD5C10009F723 /* UIColor+Extensions.swift */,
				8686D77B20BDD5C10009F723 /* UIImage+Extensions.swift */,
				8686D77C20BDD5C10009F723 /* UISearchBar+Extensions.swift */,
				8686D77D20BDD5C10009F723 /* UIApplication+Extensions.swift */,
				8686D77E20BDD5C10009F723 /* UIAlertController+Extensions.swift */,
				8686D77F20BDD5C10009F723 /* Optional+Extensions.swift */,
				8686D78020BDD5C10009F723 /* Common+Extensions.swift */,
				8686D78120BDD5C10009F723 /* Locale+Extensions.swift */,
				8686D78220BDD5C10009F723 /* UITextField+Extensions.swift */,
			);
			path = Extensions;
			sourceTree = "<group>";
		};
		8686D78320BDD5C10009F723 /* Viewers */ = {
			isa = PBXGroup;
			children = (
				8686D78420BDD5C10009F723 /* Models */,
				8686D78620BDD5C10009F723 /* TextViewController.swift */,
			);
			path = Viewers;
			sourceTree = "<group>";
		};
		8686D78420BDD5C10009F723 /* Models */ = {
			isa = PBXGroup;
			children = (
				8686D78520BDD5C10009F723 /* AttributedTextBlock.swift */,
			);
			path = Models;
			sourceTree = "<group>";
		};
		8686D78720BDD5C10009F723 /* Pickers */ = {
			isa = PBXGroup;
			children = (
				8686D78820BDD5C10009F723 /* Locale */,
				8686D79320BDD5C10009F723 /* TextFields */,
				8686D79620BDD5C10009F723 /* PhotoLibrary */,
				8686D7A220BDD5C10009F723 /* PickerView */,
				8686D7A420BDD5C10009F723 /* Contacts */,
				8686D7AC20BDD5C10009F723 /* Color */,
				8686D7AE20BDD5C10009F723 /* Date */,
				8686D7B020BDD5C10009F723 /* Image */,
				8686D7B420BDD5C10009F723 /* Telegram */,
			);
			path = Pickers;
			sourceTree = "<group>";
		};
		8686D78820BDD5C10009F723 /* Locale */ = {
			isa = PBXGroup;
			children = (
				8686D78920BDD5C10009F723 /* Countries.bundle */,
				8686D78A20BDD5C10009F723 /* Managers */,
				8686D78C20BDD5C10009F723 /* Models */,
				8686D78E20BDD5C10009F723 /* LocalePickerViewController.swift */,
				8686D78F20BDD5C10009F723 /* Views */,
			);
			path = Locale;
			sourceTree = "<group>";
		};
		8686D78A20BDD5C10009F723 /* Managers */ = {
			isa = PBXGroup;
			children = (
				8686D78B20BDD5C10009F723 /* LocaleStore.swift */,
			);
			path = Managers;
			sourceTree = "<group>";
		};
		8686D78C20BDD5C10009F723 /* Models */ = {
			isa = PBXGroup;
			children = (
				8686D78D20BDD5C10009F723 /* LocaleInfo.swift */,
			);
			path = Models;
			sourceTree = "<group>";
		};
		8686D78F20BDD5C10009F723 /* Views */ = {
			isa = PBXGroup;
			children = (
				8686D79020BDD5C10009F723 /* PhoneCodeCell.swift */,
				8686D79120BDD5C10009F723 /* CurrencyCell.swift */,
				8686D79220BDD5C10009F723 /* CountryCell.swift */,
			);
			path = Views;
			sourceTree = "<group>";
		};
		8686D79320BDD5C10009F723 /* TextFields */ = {
			isa = PBXGroup;
			children = (
				8686D79420BDD5C10009F723 /* TwoTextFieldsViewController.swift */,
				8686D79520BDD5C10009F723 /* OneTextFieldViewController.swift */,
			);
			path = TextFields;
			sourceTree = "<group>";
		};
		8686D79620BDD5C10009F723 /* PhotoLibrary */ = {
			isa = PBXGroup;
			children = (
				8686D79720BDD5C10009F723 /* Managers */,
				8686D79920BDD5C10009F723 /* PhotoLibraryPickerViewController.swift */,
			);
			path = PhotoLibrary;
			sourceTree = "<group>";
		};
		8686D79720BDD5C10009F723 /* Managers */ = {
			isa = PBXGroup;
			children = (
				8686D79820BDD5C10009F723 /* Assets.swift */,
			);
			path = Managers;
			sourceTree = "<group>";
		};
		8686D7A220BDD5C10009F723 /* PickerView */ = {
			isa = PBXGroup;
			children = (
				8686D7A320BDD5C10009F723 /* PickerViewViewController.swift */,
			);
			path = PickerView;
			sourceTree = "<group>";
		};
		8686D7A420BDD5C10009F723 /* Contacts */ = {
			isa = PBXGroup;
			children = (
				8686D7A520BDD5C10009F723 /* ContactsPickerViewController.swift */,
				8686D7A620BDD5C10009F723 /* Managers */,
				8686D7A820BDD5C10009F723 /* Models */,
				8686D7AA20BDD5C10009F723 /* Views */,
			);
			path = Contacts;
			sourceTree = "<group>";
		};
		8686D7A620BDD5C10009F723 /* Managers */ = {
			isa = PBXGroup;
			children = (
				8686D7A720BDD5C10009F723 /* Contacts.swift */,
			);
			path = Managers;
			sourceTree = "<group>";
		};
		8686D7A820BDD5C10009F723 /* Models */ = {
			isa = PBXGroup;
			children = (
				8686D7A920BDD5C10009F723 /* Contact.swift */,
			);
			path = Models;
			sourceTree = "<group>";
		};
		8686D7AA20BDD5C10009F723 /* Views */ = {
			isa = PBXGroup;
			children = (
				8686D7AB20BDD5C10009F723 /* ContactCell.swift */,
			);
			path = Views;
			sourceTree = "<group>";
		};
		8686D7AC20BDD5C10009F723 /* Color */ = {
			isa = PBXGroup;
			children = (
				8686D7AD20BDD5C10009F723 /* ColorPickerViewController.swift */,
			);
			path = Color;
			sourceTree = "<group>";
		};
		8686D7AE20BDD5C10009F723 /* Date */ = {
			isa = PBXGroup;
			children = (
				8686D7AF20BDD5C10009F723 /* DatePickerViewController.swift */,
			);
			path = Date;
			sourceTree = "<group>";
		};
		8686D7B020BDD5C10009F723 /* Image */ = {
			isa = PBXGroup;
			children = (
				8686D7B120BDD5C10009F723 /* ImagePickerViewController.swift */,
				8686D7B220BDD5C10009F723 /* Views */,
			);
			path = Image;
			sourceTree = "<group>";
		};
		8686D7B220BDD5C10009F723 /* Views */ = {
			isa = PBXGroup;
			children = (
				8686D7B320BDD5C10009F723 /* ItemWithImage.swift */,
			);
			path = Views;
			sourceTree = "<group>";
		};
		8686D7B420BDD5C10009F723 /* Telegram */ = {
			isa = PBXGroup;
			children = (
				8686D7B520BDD5C10009F723 /* Layouts */,
				8686D7B720BDD5C10009F723 /* TelegramPickerViewController.swift */,
				8686D7B820BDD5C10009F723 /* Views */,
			);
			path = Telegram;
			sourceTree = "<group>";
		};
		8686D7B520BDD5C10009F723 /* Layouts */ = {
			isa = PBXGroup;
			children = (
				8686D7B620BDD5C10009F723 /* PhotoLayout.swift */,
			);
			path = Layouts;
			sourceTree = "<group>";
		};
		8686D7B820BDD5C10009F723 /* Views */ = {
			isa = PBXGroup;
			children = (
				8686D7B920BDD5C10009F723 /* ItemWithPhoto.swift */,
				8686D7BA20BDD5C10009F723 /* LikeButtonCell.swift */,
			);
			path = Views;
			sourceTree = "<group>";
		};
		8686D7BB20BDD5C10009F723 /* Views */ = {
			isa = PBXGroup;
			children = (
				8686D7BC20BDD5C10009F723 /* Label.swift */,
				8686D7BD20BDD5C10009F723 /* SegmentedControl.swift */,
				8686D7BE20BDD5C10009F723 /* GradientSlider.swift */,
				8686D7BF20BDD5C10009F723 /* TextField.swift */,
				8686D7C020BDD5C10009F723 /* Button.swift */,
			);
			path = Views;
			sourceTree = "<group>";
		};
		869D5DE420A74ECA00A8F0A8 /* Fonts */ = {
			isa = PBXGroup;
			children = (
				869D5DD820A74A4700A8F0A8 /* Lato-Bold.ttf */,
				869D5DDA20A74A4700A8F0A8 /* Lato-Light.ttf */,
				869D5DD920A74A4700A8F0A8 /* Lato-Medium.ttf */,
				869D5DDB20A74A4700A8F0A8 /* Lato-Semibold.ttf */,
				869D5DDC20A74A4700A8F0A8 /* Lato-Thin.ttf */,
			);
			path = Fonts;
			sourceTree = "<group>";
		};
		86A04CF52084C4E900C3CBDB /* Supporting Files */ = {
			isa = PBXGroup;
			children = (
				86A9D55F20849B8A008F7E18 /* Info.plist */,
				86DB7FC120C1E5D500D29C31 /* GoogleService-Info.plist */,
			);
			path = "Supporting Files";
			sourceTree = "<group>";
		};
		86A04CF62084C50100C3CBDB /* Classes */ = {
			isa = PBXGroup;
			children = (
				86A9D55320849B88008F7E18 /* AppDelegate.swift */,
				86A04CFB2084C5C300C3CBDB /* Models */,
				866DF25720A8976A00A5B101 /* Storyboards */,
				86A04CFC2084C5CE00C3CBDB /* Scenes */,
				86D8E3B920AE2C030033A3A3 /* Managers */,
				86A04CFE2084C5ED00C3CBDB /* Support */,
			);
			path = Classes;
			sourceTree = "<group>";
		};
		86A04CF72084C50A00C3CBDB /* Resources */ = {
			isa = PBXGroup;
			children = (
				86A9D55A20849B8A008F7E18 /* Assets.xcassets */,
			);
			path = Resources;
			sourceTree = "<group>";
		};
		86A04CF82084C52600C3CBDB /* Frameworks */ = {
			isa = PBXGroup;
			children = (
				8686D77020BDD5C10009F723 /* Source */,
				BE2ED6F262DA01B356206276 /* Pods_MasaMoney.framework */,
			);
			path = Frameworks;
			sourceTree = "<group>";
		};
		86A04CFB2084C5C300C3CBDB /* Models */ = {
			isa = PBXGroup;
			children = (
				864537D2209A15BD0098A32F /* Account.swift */,
				862B0C9920B19F4F008B45C3 /* Movement.swift */,
				86077DB020C1A79D003FC654 /* ATM.swift */,
				86077DB220C1A885003FC654 /* Annotation.swift */,
			);
			path = Models;
			sourceTree = "<group>";
		};
		86A04CFC2084C5CE00C3CBDB /* Scenes */ = {
			isa = PBXGroup;
			children = (
				86A04CFF2084C62500C3CBDB /* Login */,
				86A04D002084D09900C3CBDB /* Main */,
				86077DAD20C1A1FB003FC654 /* SideMenu */,
				866DF24E20A8936700A5B101 /* AddIncome */,
				862B0C8D20B17C10008B45C3 /* Movements */,
			);
			path = Scenes;
			sourceTree = "<group>";
		};
		86A04CFE2084C5ED00C3CBDB /* Support */ = {
			isa = PBXGroup;
			children = (
				869D5DE420A74ECA00A8F0A8 /* Fonts */,
				86A04D072084E7F400C3CBDB /* Service.swift */,
				869D5DE220A74BFA00A8F0A8 /* Style.swift */,
				866DF24820A84A3500A5B101 /* RoundButton.swift */,
				866DF25320A8956D00A5B101 /* StoryboardExtension.swift */,
				869116B420C284D70051546B /* ClusterView.swift */,
			);
			path = Support;
			sourceTree = "<group>";
		};
		86A04CFF2084C62500C3CBDB /* Login */ = {
			isa = PBXGroup;
			children = (
				869F029120873D2400B8D2DE /* Splash.swift */,
				86A9D55520849B88008F7E18 /* Login.swift */,
			);
			path = Login;
			sourceTree = "<group>";
		};
		86A04D002084D09900C3CBDB /* Main */ = {
			isa = PBXGroup;
			children = (
				864537CD209A11F70098A32F /* Cells */,
				86A04D012084D0CB00C3CBDB /* Main.swift */,
				869116B620C2F7F40051546B /* AddAccountVC.swift */,
				868E0E8320C9182F00E9EE86 /* AccountDataSource.swift */,
			);
			path = Main;
			sourceTree = "<group>";
		};
		86A9D54720849B88008F7E18 = {
			isa = PBXGroup;
			children = (
				86A9D55220849B88008F7E18 /* MasaMoney */,
				86A04CF82084C52600C3CBDB /* Frameworks */,
				86A9D55120849B88008F7E18 /* Products */,
				53A2EF47767F30472D157F8B /* Pods */,
			);
			sourceTree = "<group>";
		};
		86A9D55120849B88008F7E18 /* Products */ = {
			isa = PBXGroup;
			children = (
				86A9D55020849B88008F7E18 /* MasaMoney.app */,
			);
			name = Products;
			sourceTree = "<group>";
		};
		86A9D55220849B88008F7E18 /* MasaMoney */ = {
			isa = PBXGroup;
			children = (
				86A04CF62084C50100C3CBDB /* Classes */,
				86A04CF72084C50A00C3CBDB /* Resources */,
				86A04CF52084C4E900C3CBDB /* Supporting Files */,
			);
			path = MasaMoney;
			sourceTree = "<group>";
		};
		86D8E3B920AE2C030033A3A3 /* Managers */ = {
			isa = PBXGroup;
			children = (
				86D8E3BA20AE2C130033A3A3 /* Router.swift */,
				86A04A37208620DF00EB12FF /* MyFirebase.swift */,
				869116BA20C5735D0051546B /* Strings.swift */,
			);
			path = Managers;
			sourceTree = "<group>";
		};
/* End PBXGroup section */

/* Begin PBXNativeTarget section */
		86A9D54F20849B88008F7E18 /* MasaMoney */ = {
			isa = PBXNativeTarget;
			buildConfigurationList = 86A9D56220849B8A008F7E18 /* Build configuration list for PBXNativeTarget "MasaMoney" */;
			buildPhases = (
				45EF85B6E73DE86A1BE85D79 /* [CP] Check Pods Manifest.lock */,
				86A9D54C20849B88008F7E18 /* Sources */,
				86A9D54D20849B88008F7E18 /* Frameworks */,
				86A9D54E20849B88008F7E18 /* Resources */,
				A14082D682B140391F5C126E /* [CP] Embed Pods Frameworks */,
				5DCA53918B76AF2E3C61F699 /* [CP] Copy Pods Resources */,
			);
			buildRules = (
			);
			dependencies = (
			);
			name = MasaMoney;
			productName = MasaMoney;
			productReference = 86A9D55020849B88008F7E18 /* MasaMoney.app */;
			productType = "com.apple.product-type.application";
		};
/* End PBXNativeTarget section */

/* Begin PBXProject section */
		86A9D54820849B88008F7E18 /* Project object */ = {
			isa = PBXProject;
			attributes = {
				LastSwiftUpdateCheck = 0930;
				LastUpgradeCheck = 0930;
				ORGANIZATIONNAME = "Maria Lopez";
				TargetAttributes = {
					86A9D54F20849B88008F7E18 = {
						CreatedOnToolsVersion = 9.3;
					};
				};
			};
			buildConfigurationList = 86A9D54B20849B88008F7E18 /* Build configuration list for PBXProject "MasaMoney" */;
			compatibilityVersion = "Xcode 9.3";
			developmentRegion = en;
			hasScannedForEncodings = 0;
			knownRegions = (
				en,
				Base,
				es,
			);
			mainGroup = 86A9D54720849B88008F7E18;
			productRefGroup = 86A9D55120849B88008F7E18 /* Products */;
			projectDirPath = "";
			projectRoot = "";
			targets = (
				86A9D54F20849B88008F7E18 /* MasaMoney */,
			);
		};
/* End PBXProject section */

/* Begin PBXResourcesBuildPhase section */
		86A9D54E20849B88008F7E18 /* Resources */ = {
			isa = PBXResourcesBuildPhase;
			buildActionMask = 2147483647;
			files = (
				869D5DDD20A74A4700A8F0A8 /* Lato-Bold.ttf in Resources */,
				869D5DDE20A74A4700A8F0A8 /* Lato-Medium.ttf in Resources */,
				862B0C9420B17C94008B45C3 /* MovementCell.xib in Resources */,
				869D5DDF20A74A4700A8F0A8 /* Lato-Light.ttf in Resources */,
				866DF25620A8965B00A5B101 /* AddIncome.storyboard in Resources */,
				869D5DE120A74A4700A8F0A8 /* Lato-Thin.ttf in Resources */,
				86A9D55B20849B8A008F7E18 /* Assets.xcassets in Resources */,
				869D5DE020A74A4700A8F0A8 /* Lato-Semibold.ttf in Resources */,
				869F02CF208784E200B8D2DE /* Login.storyboard in Resources */,
				8686D7D420BDD5C10009F723 /* Countries.bundle in Resources */,
				860C66272088C54F0095B574 /* Main.storyboard in Resources */,
				864537D1209A123C0098A32F /* AccountsViewCell.xib in Resources */,
				869F02CB20877B7900B8D2DE /* Splash.storyboard in Resources */,
				86DB7FC220C1E5D500D29C31 /* GoogleService-Info.plist in Resources */,
			);
			runOnlyForDeploymentPostprocessing = 0;
		};
/* End PBXResourcesBuildPhase section */

/* Begin PBXShellScriptBuildPhase section */
		45EF85B6E73DE86A1BE85D79 /* [CP] Check Pods Manifest.lock */ = {
			isa = PBXShellScriptBuildPhase;
			buildActionMask = 2147483647;
			files = (
			);
			inputPaths = (
				"${PODS_PODFILE_DIR_PATH}/Podfile.lock",
				"${PODS_ROOT}/Manifest.lock",
			);
			name = "[CP] Check Pods Manifest.lock";
			outputPaths = (
				"$(DERIVED_FILE_DIR)/Pods-MasaMoney-checkManifestLockResult.txt",
			);
			runOnlyForDeploymentPostprocessing = 0;
			shellPath = /bin/sh;
			shellScript = "diff \"${PODS_PODFILE_DIR_PATH}/Podfile.lock\" \"${PODS_ROOT}/Manifest.lock\" > /dev/null\nif [ $? != 0 ] ; then\n    # print error to STDERR\n    echo \"error: The sandbox is not in sync with the Podfile.lock. Run 'pod install' or update your CocoaPods installation.\" >&2\n    exit 1\nfi\n# This output is used by Xcode 'outputs' to avoid re-running this script phase.\necho \"SUCCESS\" > \"${SCRIPT_OUTPUT_FILE_0}\"\n";
			showEnvVarsInLog = 0;
		};
		5DCA53918B76AF2E3C61F699 /* [CP] Copy Pods Resources */ = {
			isa = PBXShellScriptBuildPhase;
			buildActionMask = 2147483647;
			files = (
			);
			inputPaths = (
				"${SRCROOT}/Pods/Target Support Files/Pods-MasaMoney/Pods-MasaMoney-resources.sh",
				"${PODS_ROOT}/GoogleSignIn/Resources/GoogleSignIn.bundle",
			);
			name = "[CP] Copy Pods Resources";
			outputPaths = (
				"${TARGET_BUILD_DIR}/${UNLOCALIZED_RESOURCES_FOLDER_PATH}/GoogleSignIn.bundle",
			);
			runOnlyForDeploymentPostprocessing = 0;
			shellPath = /bin/sh;
			shellScript = "\"${SRCROOT}/Pods/Target Support Files/Pods-MasaMoney/Pods-MasaMoney-resources.sh\"\n";
			showEnvVarsInLog = 0;
		};
		A14082D682B140391F5C126E /* [CP] Embed Pods Frameworks */ = {
			isa = PBXShellScriptBuildPhase;
			buildActionMask = 2147483647;
			files = (
			);
			inputPaths = (
				"${SRCROOT}/Pods/Target Support Files/Pods-MasaMoney/Pods-MasaMoney-frameworks.sh",
				"${BUILT_PRODUCTS_DIR}/Alamofire/Alamofire.framework",
				"${BUILT_PRODUCTS_DIR}/Bolts/Bolts.framework",
				"${BUILT_PRODUCTS_DIR}/FBSDKCoreKit/FBSDKCoreKit.framework",
				"${BUILT_PRODUCTS_DIR}/FBSDKLoginKit/FBSDKLoginKit.framework",
				"${BUILT_PRODUCTS_DIR}/FacebookCore/FacebookCore.framework",
				"${BUILT_PRODUCTS_DIR}/FacebookLogin/FacebookLogin.framework",
				"${BUILT_PRODUCTS_DIR}/GTMOAuth2/GTMOAuth2.framework",
				"${BUILT_PRODUCTS_DIR}/GTMSessionFetcher/GTMSessionFetcher.framework",
				"${BUILT_PRODUCTS_DIR}/GoogleToolboxForMac/GoogleToolboxForMac.framework",
				"${BUILT_PRODUCTS_DIR}/JGProgressHUD/JGProgressHUD.framework",
				"${BUILT_PRODUCTS_DIR}/LBTAComponents/LBTAComponents.framework",
				"${BUILT_PRODUCTS_DIR}/SideMenu/SideMenu.framework",
				"${BUILT_PRODUCTS_DIR}/SwiftyJSON/SwiftyJSON.framework",
				"${BUILT_PRODUCTS_DIR}/leveldb-library/leveldb.framework",
				"${BUILT_PRODUCTS_DIR}/nanopb/nanopb.framework",
			);
			name = "[CP] Embed Pods Frameworks";
			outputPaths = (
				"${TARGET_BUILD_DIR}/${FRAMEWORKS_FOLDER_PATH}/Alamofire.framework",
				"${TARGET_BUILD_DIR}/${FRAMEWORKS_FOLDER_PATH}/Bolts.framework",
				"${TARGET_BUILD_DIR}/${FRAMEWORKS_FOLDER_PATH}/FBSDKCoreKit.framework",
				"${TARGET_BUILD_DIR}/${FRAMEWORKS_FOLDER_PATH}/FBSDKLoginKit.framework",
				"${TARGET_BUILD_DIR}/${FRAMEWORKS_FOLDER_PATH}/FacebookCore.framework",
				"${TARGET_BUILD_DIR}/${FRAMEWORKS_FOLDER_PATH}/FacebookLogin.framework",
				"${TARGET_BUILD_DIR}/${FRAMEWORKS_FOLDER_PATH}/GTMOAuth2.framework",
				"${TARGET_BUILD_DIR}/${FRAMEWORKS_FOLDER_PATH}/GTMSessionFetcher.framework",
				"${TARGET_BUILD_DIR}/${FRAMEWORKS_FOLDER_PATH}/GoogleToolboxForMac.framework",
				"${TARGET_BUILD_DIR}/${FRAMEWORKS_FOLDER_PATH}/JGProgressHUD.framework",
				"${TARGET_BUILD_DIR}/${FRAMEWORKS_FOLDER_PATH}/LBTAComponents.framework",
				"${TARGET_BUILD_DIR}/${FRAMEWORKS_FOLDER_PATH}/SideMenu.framework",
				"${TARGET_BUILD_DIR}/${FRAMEWORKS_FOLDER_PATH}/SwiftyJSON.framework",
				"${TARGET_BUILD_DIR}/${FRAMEWORKS_FOLDER_PATH}/leveldb.framework",
				"${TARGET_BUILD_DIR}/${FRAMEWORKS_FOLDER_PATH}/nanopb.framework",
			);
			runOnlyForDeploymentPostprocessing = 0;
			shellPath = /bin/sh;
			shellScript = "\"${SRCROOT}/Pods/Target Support Files/Pods-MasaMoney/Pods-MasaMoney-frameworks.sh\"\n";
			showEnvVarsInLog = 0;
		};
/* End PBXShellScriptBuildPhase section */

/* Begin PBXSourcesBuildPhase section */
		86A9D54C20849B88008F7E18 /* Sources */ = {
			isa = PBXSourcesBuildPhase;
			buildActionMask = 2147483647;
			files = (
				8686D7E820BDD5C10009F723 /* ContactCell.swift in Sources */,
				8686D7D520BDD5C10009F723 /* LocaleStore.swift in Sources */,
				869116B920C566540051546B /* ProfileVC.swift in Sources */,
				8686D7CD20BDD5C10009F723 /* UIAlertController+Extensions.swift in Sources */,
				86A04D022084D0CB00C3CBDB /* Main.swift in Sources */,
				8686D7F020BDD5C10009F723 /* LikeButtonCell.swift in Sources */,
				8686D7C920BDD5C10009F723 /* UIColor+Extensions.swift in Sources */,
				869116BB20C5735D0051546B /* Strings.swift in Sources */,
				86CBD58B20AB0A15001A0100 /* IncomeCalculator.swift in Sources */,
				8689776420BC7F2C00F0D94E /* SideMenuVC.swift in Sources */,
				8686D7C120BDD5C10009F723 /* Array+Extensions.swift in Sources */,
				869116B520C284D70051546B /* ClusterView.swift in Sources */,
				8686D7EF20BDD5C10009F723 /* ItemWithPhoto.swift in Sources */,
				862B0C9620B180AF008B45C3 /* MovementVC.swift in Sources */,
				8686D7F120BDD5C10009F723 /* Label.swift in Sources */,
				8686D7EE20BDD5C10009F723 /* TelegramPickerViewController.swift in Sources */,
				866DF25220A8944C00A5B101 /* AddIncome.swift in Sources */,
				8686D7C320BDD5C10009F723 /* UIImageView+Extensions.swift in Sources */,
				8686D7DC20BDD5C10009F723 /* OneTextFieldViewController.swift in Sources */,
				8686D7D120BDD5C10009F723 /* UITextField+Extensions.swift in Sources */,
				86A04D082084E7F400C3CBDB /* Service.swift in Sources */,
				8686D7CF20BDD5C10009F723 /* Common+Extensions.swift in Sources */,
				8686D7C720BDD5C10009F723 /* String+Extensions.swift in Sources */,
				8686D7C620BDD5C10009F723 /* Date+Extension.swift in Sources */,
				8686D7D920BDD5C10009F723 /* CurrencyCell.swift in Sources */,
				8686D7CC20BDD5C10009F723 /* UIApplication+Extensions.swift in Sources */,
				8686D7D320BDD5C10009F723 /* TextViewController.swift in Sources */,
				8686D7F320BDD5C10009F723 /* GradientSlider.swift in Sources */,
				86A9D55620849B88008F7E18 /* Login.swift in Sources */,
				86A04A38208620DF00EB12FF /* MyFirebase.swift in Sources */,
				862B0C9320B17C94008B45C3 /* MovementCell.swift in Sources */,
				8686D7D720BDD5C10009F723 /* LocalePickerViewController.swift in Sources */,
				8686D7E620BDD5C10009F723 /* Contacts.swift in Sources */,
				8686D7CE20BDD5C10009F723 /* Optional+Extensions.swift in Sources */,
				8686D7EB20BDD5C10009F723 /* ImagePickerViewController.swift in Sources */,
				862B0C9A20B19F4F008B45C3 /* Movement.swift in Sources */,
				8686D7C420BDD5C10009F723 /* UIViewController+Extensions.swift in Sources */,
				8686D7E920BDD5C10009F723 /* ColorPickerViewController.swift in Sources */,
				8686D7D620BDD5C10009F723 /* LocaleInfo.swift in Sources */,
				869F029220873D2400B8D2DE /* Splash.swift in Sources */,
				86D8E3BB20AE2C130033A3A3 /* Router.swift in Sources */,
				8686D7DA20BDD5C10009F723 /* CountryCell.swift in Sources */,
				8686D7EA20BDD5C10009F723 /* DatePickerViewController.swift in Sources */,
				86077DAF20C1A21E003FC654 /* MapVC.swift in Sources */,
				8686D7D220BDD5C10009F723 /* AttributedTextBlock.swift in Sources */,
				868E0E8420C9182F00E9EE86 /* AccountDataSource.swift in Sources */,
				8686D7DB20BDD5C10009F723 /* TwoTextFieldsViewController.swift in Sources */,
				8686D7D020BDD5C10009F723 /* Locale+Extensions.swift in Sources */,
				864537D3209A15BD0098A32F /* Account.swift in Sources */,
				86077DB120C1A79D003FC654 /* ATM.swift in Sources */,
				8686D7D820BDD5C10009F723 /* PhoneCodeCell.swift in Sources */,
				8686D7E520BDD5C10009F723 /* ContactsPickerViewController.swift in Sources */,
				8686D7DD20BDD5C10009F723 /* Assets.swift in Sources */,
				8686D7F420BDD5C10009F723 /* TextField.swift in Sources */,
				8686D7C820BDD5C10009F723 /* UITextView+Extensions.swift in Sources */,
				8686D7E420BDD5C10009F723 /* PickerViewViewController.swift in Sources */,
				862B0C9820B19EC5008B45C3 /* MovementDataSource.swift in Sources */,
				8686D7ED20BDD5C10009F723 /* PhotoLayout.swift in Sources */,
				8686D7C520BDD5C10009F723 /* UIView+Extensions.swift in Sources */,
				8686D7C220BDD5C10009F723 /* UISegmentedControl+Extensions.swift in Sources */,
				8686D7F220BDD5C10009F723 /* SegmentedControl.swift in Sources */,
				8686D7CA20BDD5C10009F723 /* UIImage+Extensions.swift in Sources */,
				866DF25420A8956D00A5B101 /* StoryboardExtension.swift in Sources */,
				86077DB320C1A885003FC654 /* Annotation.swift in Sources */,
				8686D7CB20BDD5C10009F723 /* UISearchBar+Extensions.swift in Sources */,
				866DF24920A84A3500A5B101 /* RoundButton.swift in Sources */,
				864537D0209A123C0098A32F /* AccountsViewCell.swift in Sources */,
				8686D7F520BDD5C10009F723 /* Button.swift in Sources */,
				8686D7E720BDD5C10009F723 /* Contact.swift in Sources */,
				8686D7EC20BDD5C10009F723 /* ItemWithImage.swift in Sources */,
				869116B720C2F7F40051546B /* AddAccountVC.swift in Sources */,
				8686D7DE20BDD5C10009F723 /* PhotoLibraryPickerViewController.swift in Sources */,
				86A9D55420849B88008F7E18 /* AppDelegate.swift in Sources */,
				869D5DE320A74BFA00A8F0A8 /* Style.swift in Sources */,
			);
			runOnlyForDeploymentPostprocessing = 0;
		};
/* End PBXSourcesBuildPhase section */

/* Begin XCBuildConfiguration section */
		86A9D56020849B8A008F7E18 /* Debug */ = {
			isa = XCBuildConfiguration;
			buildSettings = {
				ALWAYS_SEARCH_USER_PATHS = NO;
				CLANG_ANALYZER_LOCALIZABILITY_NONLOCALIZED = YES;
				CLANG_ANALYZER_NONNULL = YES;
				CLANG_ANALYZER_NUMBER_OBJECT_CONVERSION = YES_AGGRESSIVE;
				CLANG_CXX_LANGUAGE_STANDARD = "gnu++14";
				CLANG_CXX_LIBRARY = "libc++";
				CLANG_ENABLE_MODULES = YES;
				CLANG_ENABLE_OBJC_ARC = YES;
				CLANG_ENABLE_OBJC_WEAK = YES;
				CLANG_WARN_BLOCK_CAPTURE_AUTORELEASING = YES;
				CLANG_WARN_BOOL_CONVERSION = YES;
				CLANG_WARN_COMMA = YES;
				CLANG_WARN_CONSTANT_CONVERSION = YES;
				CLANG_WARN_DEPRECATED_OBJC_IMPLEMENTATIONS = YES;
				CLANG_WARN_DIRECT_OBJC_ISA_USAGE = YES_ERROR;
				CLANG_WARN_DOCUMENTATION_COMMENTS = YES;
				CLANG_WARN_EMPTY_BODY = YES;
				CLANG_WARN_ENUM_CONVERSION = YES;
				CLANG_WARN_INFINITE_RECURSION = YES;
				CLANG_WARN_INT_CONVERSION = YES;
				CLANG_WARN_NON_LITERAL_NULL_CONVERSION = YES;
				CLANG_WARN_OBJC_IMPLICIT_RETAIN_SELF = YES;
				CLANG_WARN_OBJC_LITERAL_CONVERSION = YES;
				CLANG_WARN_OBJC_ROOT_CLASS = YES_ERROR;
				CLANG_WARN_RANGE_LOOP_ANALYSIS = YES;
				CLANG_WARN_STRICT_PROTOTYPES = YES;
				CLANG_WARN_SUSPICIOUS_MOVE = YES;
				CLANG_WARN_UNGUARDED_AVAILABILITY = YES_AGGRESSIVE;
				CLANG_WARN_UNREACHABLE_CODE = YES;
				CLANG_WARN__DUPLICATE_METHOD_MATCH = YES;
				CODE_SIGN_IDENTITY = "iPhone Developer";
				COPY_PHASE_STRIP = NO;
				DEBUG_INFORMATION_FORMAT = dwarf;
				ENABLE_STRICT_OBJC_MSGSEND = YES;
				ENABLE_TESTABILITY = YES;
				GCC_C_LANGUAGE_STANDARD = gnu11;
				GCC_DYNAMIC_NO_PIC = NO;
				GCC_NO_COMMON_BLOCKS = YES;
				GCC_OPTIMIZATION_LEVEL = 0;
				GCC_PREPROCESSOR_DEFINITIONS = (
					"DEBUG=1",
					"$(inherited)",
				);
				GCC_WARN_64_TO_32_BIT_CONVERSION = YES;
				GCC_WARN_ABOUT_RETURN_TYPE = YES_ERROR;
				GCC_WARN_UNDECLARED_SELECTOR = YES;
				GCC_WARN_UNINITIALIZED_AUTOS = YES_AGGRESSIVE;
				GCC_WARN_UNUSED_FUNCTION = YES;
				GCC_WARN_UNUSED_VARIABLE = YES;
				IPHONEOS_DEPLOYMENT_TARGET = 11.3;
				MTL_ENABLE_DEBUG_INFO = YES;
				ONLY_ACTIVE_ARCH = YES;
				SDKROOT = iphoneos;
				SWIFT_ACTIVE_COMPILATION_CONDITIONS = DEBUG;
				SWIFT_OPTIMIZATION_LEVEL = "-Onone";
			};
			name = Debug;
		};
		86A9D56120849B8A008F7E18 /* Release */ = {
			isa = XCBuildConfiguration;
			buildSettings = {
				ALWAYS_SEARCH_USER_PATHS = NO;
				CLANG_ANALYZER_LOCALIZABILITY_NONLOCALIZED = YES;
				CLANG_ANALYZER_NONNULL = YES;
				CLANG_ANALYZER_NUMBER_OBJECT_CONVERSION = YES_AGGRESSIVE;
				CLANG_CXX_LANGUAGE_STANDARD = "gnu++14";
				CLANG_CXX_LIBRARY = "libc++";
				CLANG_ENABLE_MODULES = YES;
				CLANG_ENABLE_OBJC_ARC = YES;
				CLANG_ENABLE_OBJC_WEAK = YES;
				CLANG_WARN_BLOCK_CAPTURE_AUTORELEASING = YES;
				CLANG_WARN_BOOL_CONVERSION = YES;
				CLANG_WARN_COMMA = YES;
				CLANG_WARN_CONSTANT_CONVERSION = YES;
				CLANG_WARN_DEPRECATED_OBJC_IMPLEMENTATIONS = YES;
				CLANG_WARN_DIRECT_OBJC_ISA_USAGE = YES_ERROR;
				CLANG_WARN_DOCUMENTATION_COMMENTS = YES;
				CLANG_WARN_EMPTY_BODY = YES;
				CLANG_WARN_ENUM_CONVERSION = YES;
				CLANG_WARN_INFINITE_RECURSION = YES;
				CLANG_WARN_INT_CONVERSION = YES;
				CLANG_WARN_NON_LITERAL_NULL_CONVERSION = YES;
				CLANG_WARN_OBJC_IMPLICIT_RETAIN_SELF = YES;
				CLANG_WARN_OBJC_LITERAL_CONVERSION = YES;
				CLANG_WARN_OBJC_ROOT_CLASS = YES_ERROR;
				CLANG_WARN_RANGE_LOOP_ANALYSIS = YES;
				CLANG_WARN_STRICT_PROTOTYPES = YES;
				CLANG_WARN_SUSPICIOUS_MOVE = YES;
				CLANG_WARN_UNGUARDED_AVAILABILITY = YES_AGGRESSIVE;
				CLANG_WARN_UNREACHABLE_CODE = YES;
				CLANG_WARN__DUPLICATE_METHOD_MATCH = YES;
				CODE_SIGN_IDENTITY = "iPhone Developer";
				COPY_PHASE_STRIP = NO;
				DEBUG_INFORMATION_FORMAT = "dwarf-with-dsym";
				ENABLE_NS_ASSERTIONS = NO;
				ENABLE_STRICT_OBJC_MSGSEND = YES;
				GCC_C_LANGUAGE_STANDARD = gnu11;
				GCC_NO_COMMON_BLOCKS = YES;
				GCC_WARN_64_TO_32_BIT_CONVERSION = YES;
				GCC_WARN_ABOUT_RETURN_TYPE = YES_ERROR;
				GCC_WARN_UNDECLARED_SELECTOR = YES;
				GCC_WARN_UNINITIALIZED_AUTOS = YES_AGGRESSIVE;
				GCC_WARN_UNUSED_FUNCTION = YES;
				GCC_WARN_UNUSED_VARIABLE = YES;
				IPHONEOS_DEPLOYMENT_TARGET = 11.3;
				MTL_ENABLE_DEBUG_INFO = NO;
				SDKROOT = iphoneos;
				SWIFT_COMPILATION_MODE = wholemodule;
				SWIFT_OPTIMIZATION_LEVEL = "-O";
				VALIDATE_PRODUCT = YES;
			};
			name = Release;
		};
		86A9D56320849B8A008F7E18 /* Debug */ = {
			isa = XCBuildConfiguration;
			baseConfigurationReference = DAF6FCE7E6BBA08FDACF6015 /* Pods-MasaMoney.debug.xcconfig */;
			buildSettings = {
				ASSETCATALOG_COMPILER_APPICON_NAME = AppIcon;
				CODE_SIGN_STYLE = Automatic;
				DEVELOPMENT_TEAM = 3SZ9W3PW38;
				INFOPLIST_FILE = "$(SRCROOT)/MasaMoney/Supporting Files/Info.plist";
				LD_RUNPATH_SEARCH_PATHS = (
					"$(inherited)",
					"@executable_path/Frameworks",
				);
				PRODUCT_BUNDLE_IDENTIFIER = Masa.MasaMoney;
				PRODUCT_NAME = "$(TARGET_NAME)";
				SWIFT_VERSION = 4.0;
				TARGETED_DEVICE_FAMILY = 1;
			};
			name = Debug;
		};
		86A9D56420849B8A008F7E18 /* Release */ = {
			isa = XCBuildConfiguration;
			baseConfigurationReference = FC7C4152BC7F51CC1D0F26B9 /* Pods-MasaMoney.release.xcconfig */;
			buildSettings = {
				ASSETCATALOG_COMPILER_APPICON_NAME = AppIcon;
				CODE_SIGN_STYLE = Automatic;
				DEVELOPMENT_TEAM = 3SZ9W3PW38;
				INFOPLIST_FILE = "$(SRCROOT)/MasaMoney/Supporting Files/Info.plist";
				LD_RUNPATH_SEARCH_PATHS = (
					"$(inherited)",
					"@executable_path/Frameworks",
				);
				PRODUCT_BUNDLE_IDENTIFIER = Masa.MasaMoney;
				PRODUCT_NAME = "$(TARGET_NAME)";
				SWIFT_VERSION = 4.0;
				TARGETED_DEVICE_FAMILY = 1;
			};
			name = Release;
		};
/* End XCBuildConfiguration section */

/* Begin XCConfigurationList section */
		86A9D54B20849B88008F7E18 /* Build configuration list for PBXProject "MasaMoney" */ = {
			isa = XCConfigurationList;
			buildConfigurations = (
				86A9D56020849B8A008F7E18 /* Debug */,
				86A9D56120849B8A008F7E18 /* Release */,
			);
			defaultConfigurationIsVisible = 0;
			defaultConfigurationName = Release;
		};
		86A9D56220849B8A008F7E18 /* Build configuration list for PBXNativeTarget "MasaMoney" */ = {
			isa = XCConfigurationList;
			buildConfigurations = (
				86A9D56320849B8A008F7E18 /* Debug */,
				86A9D56420849B8A008F7E18 /* Release */,
			);
			defaultConfigurationIsVisible = 0;
			defaultConfigurationName = Release;
		};
/* End XCConfigurationList section */
	};
	rootObject = 86A9D54820849B88008F7E18 /* Project object */;
}
