// !$*UTF8*$!
{
	archiveVersion = 1;
	classes = {
	};
	objectVersion = 50;
	objects = {

/* Begin PBXBuildFile section */
		860C66272088C54F0095B574 /* Main.storyboard in Resources */ = {isa = PBXBuildFile; fileRef = 860C66262088C54F0095B574 /* Main.storyboard */; };
		862B0C9320B17C94008B45C3 /* MovementCell.swift in Sources */ = {isa = PBXBuildFile; fileRef = 862B0C9120B17C94008B45C3 /* MovementCell.swift */; };
		862B0C9420B17C94008B45C3 /* MovementCell.xib in Resources */ = {isa = PBXBuildFile; fileRef = 862B0C9220B17C94008B45C3 /* MovementCell.xib */; };
		862B0C9620B180AF008B45C3 /* MovementVC.swift in Sources */ = {isa = PBXBuildFile; fileRef = 862B0C9520B180AF008B45C3 /* MovementVC.swift */; };
		862B0C9820B19EC5008B45C3 /* MovementDataSource.swift in Sources */ = {isa = PBXBuildFile; fileRef = 862B0C9720B19EC5008B45C3 /* MovementDataSource.swift */; };
		862B0C9A20B19F4F008B45C3 /* Movement.swift in Sources */ = {isa = PBXBuildFile; fileRef = 862B0C9920B19F4F008B45C3 /* Movement.swift */; };
		864537D0209A123C0098A32F /* AccountsViewCell.swift in Sources */ = {isa = PBXBuildFile; fileRef = 864537CE209A123C0098A32F /* AccountsViewCell.swift */; };
		864537D1209A123C0098A32F /* AccountsViewCell.xib in Resources */ = {isa = PBXBuildFile; fileRef = 864537CF209A123C0098A32F /* AccountsViewCell.xib */; };
		864537D3209A15BD0098A32F /* Account.swift in Sources */ = {isa = PBXBuildFile; fileRef = 864537D2209A15BD0098A32F /* Account.swift */; };
		866DF24920A84A3500A5B101 /* RoundButton.swift in Sources */ = {isa = PBXBuildFile; fileRef = 866DF24820A84A3500A5B101 /* RoundButton.swift */; };
		866DF24B20A8814800A5B101 /* OutcomeDataSource.swift in Sources */ = {isa = PBXBuildFile; fileRef = 866DF24A20A8814800A5B101 /* OutcomeDataSource.swift */; };
		866DF24D20A885B700A5B101 /* IncomeDataSource.swift in Sources */ = {isa = PBXBuildFile; fileRef = 866DF24C20A885B700A5B101 /* IncomeDataSource.swift */; };
		866DF25220A8944C00A5B101 /* AddIncome.swift in Sources */ = {isa = PBXBuildFile; fileRef = 866DF25120A8944C00A5B101 /* AddIncome.swift */; };
		866DF25420A8956D00A5B101 /* StoryboardExtension.swift in Sources */ = {isa = PBXBuildFile; fileRef = 866DF25320A8956D00A5B101 /* StoryboardExtension.swift */; };
		866DF25620A8965B00A5B101 /* AddIncome.storyboard in Resources */ = {isa = PBXBuildFile; fileRef = 866DF25520A8965B00A5B101 /* AddIncome.storyboard */; };
		869D5DDD20A74A4700A8F0A8 /* Lato-Bold.ttf in Resources */ = {isa = PBXBuildFile; fileRef = 869D5DD820A74A4700A8F0A8 /* Lato-Bold.ttf */; };
		869D5DDE20A74A4700A8F0A8 /* Lato-Medium.ttf in Resources */ = {isa = PBXBuildFile; fileRef = 869D5DD920A74A4700A8F0A8 /* Lato-Medium.ttf */; };
		869D5DDF20A74A4700A8F0A8 /* Lato-Light.ttf in Resources */ = {isa = PBXBuildFile; fileRef = 869D5DDA20A74A4700A8F0A8 /* Lato-Light.ttf */; };
		869D5DE020A74A4700A8F0A8 /* Lato-Semibold.ttf in Resources */ = {isa = PBXBuildFile; fileRef = 869D5DDB20A74A4700A8F0A8 /* Lato-Semibold.ttf */; };
		869D5DE120A74A4700A8F0A8 /* Lato-Thin.ttf in Resources */ = {isa = PBXBuildFile; fileRef = 869D5DDC20A74A4700A8F0A8 /* Lato-Thin.ttf */; };
		869D5DE320A74BFA00A8F0A8 /* Style.swift in Sources */ = {isa = PBXBuildFile; fileRef = 869D5DE220A74BFA00A8F0A8 /* Style.swift */; };
		869F029220873D2400B8D2DE /* Splash.swift in Sources */ = {isa = PBXBuildFile; fileRef = 869F029120873D2400B8D2DE /* Splash.swift */; };
		869F02CB20877B7900B8D2DE /* Splash.storyboard in Resources */ = {isa = PBXBuildFile; fileRef = 869F02CA20877B7900B8D2DE /* Splash.storyboard */; };
		869F02CF208784E200B8D2DE /* Login.storyboard in Resources */ = {isa = PBXBuildFile; fileRef = 869F02CE208784E200B8D2DE /* Login.storyboard */; };
		86A04A38208620DF00EB12FF /* MyFirebase.swift in Sources */ = {isa = PBXBuildFile; fileRef = 86A04A37208620DF00EB12FF /* MyFirebase.swift */; };
		86A04CFA2084C57F00C3CBDB /* GoogleService-Info.plist in Resources */ = {isa = PBXBuildFile; fileRef = 86A04CF92084C57F00C3CBDB /* GoogleService-Info.plist */; };
		86A04D022084D0CB00C3CBDB /* Main.swift in Sources */ = {isa = PBXBuildFile; fileRef = 86A04D012084D0CB00C3CBDB /* Main.swift */; };
		86A04D082084E7F400C3CBDB /* Service.swift in Sources */ = {isa = PBXBuildFile; fileRef = 86A04D072084E7F400C3CBDB /* Service.swift */; };
		86A9D55420849B88008F7E18 /* AppDelegate.swift in Sources */ = {isa = PBXBuildFile; fileRef = 86A9D55320849B88008F7E18 /* AppDelegate.swift */; };
		86A9D55620849B88008F7E18 /* Login.swift in Sources */ = {isa = PBXBuildFile; fileRef = 86A9D55520849B88008F7E18 /* Login.swift */; };
		86A9D55B20849B8A008F7E18 /* Assets.xcassets in Resources */ = {isa = PBXBuildFile; fileRef = 86A9D55A20849B8A008F7E18 /* Assets.xcassets */; };
		86CBD58B20AB0A15001A0100 /* IncomeCalculator.swift in Sources */ = {isa = PBXBuildFile; fileRef = 86CBD58A20AB0A15001A0100 /* IncomeCalculator.swift */; };
		86D8E3BB20AE2C130033A3A3 /* Router.swift in Sources */ = {isa = PBXBuildFile; fileRef = 86D8E3BA20AE2C130033A3A3 /* Router.swift */; };
		A8BBF0308FD14F00F9E950DB /* Pods_MasaMoney.framework in Frameworks */ = {isa = PBXBuildFile; fileRef = BE2ED6F262DA01B356206276 /* Pods_MasaMoney.framework */; };
/* End PBXBuildFile section */

/* Begin PBXFileReference section */
		860C66262088C54F0095B574 /* Main.storyboard */ = {isa = PBXFileReference; lastKnownFileType = file.storyboard; path = Main.storyboard; sourceTree = "<group>"; };
		862B0C9120B17C94008B45C3 /* MovementCell.swift */ = {isa = PBXFileReference; lastKnownFileType = sourcecode.swift; path = MovementCell.swift; sourceTree = "<group>"; };
		862B0C9220B17C94008B45C3 /* MovementCell.xib */ = {isa = PBXFileReference; lastKnownFileType = file.xib; path = MovementCell.xib; sourceTree = "<group>"; };
		862B0C9520B180AF008B45C3 /* MovementVC.swift */ = {isa = PBXFileReference; lastKnownFileType = sourcecode.swift; path = MovementVC.swift; sourceTree = "<group>"; };
		862B0C9720B19EC5008B45C3 /* MovementDataSource.swift */ = {isa = PBXFileReference; lastKnownFileType = sourcecode.swift; path = MovementDataSource.swift; sourceTree = "<group>"; };
		862B0C9920B19F4F008B45C3 /* Movement.swift */ = {isa = PBXFileReference; lastKnownFileType = sourcecode.swift; path = Movement.swift; sourceTree = "<group>"; };
		864537CE209A123C0098A32F /* AccountsViewCell.swift */ = {isa = PBXFileReference; lastKnownFileType = sourcecode.swift; path = AccountsViewCell.swift; sourceTree = "<group>"; };
		864537CF209A123C0098A32F /* AccountsViewCell.xib */ = {isa = PBXFileReference; lastKnownFileType = file.xib; path = AccountsViewCell.xib; sourceTree = "<group>"; };
		864537D2209A15BD0098A32F /* Account.swift */ = {isa = PBXFileReference; lastKnownFileType = sourcecode.swift; path = Account.swift; sourceTree = "<group>"; };
		866DF24820A84A3500A5B101 /* RoundButton.swift */ = {isa = PBXFileReference; lastKnownFileType = sourcecode.swift; path = RoundButton.swift; sourceTree = "<group>"; };
		866DF24A20A8814800A5B101 /* OutcomeDataSource.swift */ = {isa = PBXFileReference; lastKnownFileType = sourcecode.swift; path = OutcomeDataSource.swift; sourceTree = "<group>"; };
		866DF24C20A885B700A5B101 /* IncomeDataSource.swift */ = {isa = PBXFileReference; lastKnownFileType = sourcecode.swift; path = IncomeDataSource.swift; sourceTree = "<group>"; };
		866DF25120A8944C00A5B101 /* AddIncome.swift */ = {isa = PBXFileReference; lastKnownFileType = sourcecode.swift; path = AddIncome.swift; sourceTree = "<group>"; };
		866DF25320A8956D00A5B101 /* StoryboardExtension.swift */ = {isa = PBXFileReference; lastKnownFileType = sourcecode.swift; path = StoryboardExtension.swift; sourceTree = "<group>"; };
		866DF25520A8965B00A5B101 /* AddIncome.storyboard */ = {isa = PBXFileReference; lastKnownFileType = file.storyboard; path = AddIncome.storyboard; sourceTree = "<group>"; };
		869D5DD820A74A4700A8F0A8 /* Lato-Bold.ttf */ = {isa = PBXFileReference; lastKnownFileType = file; name = "Lato-Bold.ttf"; path = "MasaMoney/Classes/Support/Fonts/Lato-Bold.ttf"; sourceTree = SOURCE_ROOT; };
		869D5DD920A74A4700A8F0A8 /* Lato-Medium.ttf */ = {isa = PBXFileReference; lastKnownFileType = file; name = "Lato-Medium.ttf"; path = "MasaMoney/Classes/Support/Fonts/Lato-Medium.ttf"; sourceTree = SOURCE_ROOT; };
		869D5DDA20A74A4700A8F0A8 /* Lato-Light.ttf */ = {isa = PBXFileReference; lastKnownFileType = file; name = "Lato-Light.ttf"; path = "MasaMoney/Classes/Support/Fonts/Lato-Light.ttf"; sourceTree = SOURCE_ROOT; };
		869D5DDB20A74A4700A8F0A8 /* Lato-Semibold.ttf */ = {isa = PBXFileReference; lastKnownFileType = file; name = "Lato-Semibold.ttf"; path = "MasaMoney/Classes/Support/Fonts/Lato-Semibold.ttf"; sourceTree = SOURCE_ROOT; };
		869D5DDC20A74A4700A8F0A8 /* Lato-Thin.ttf */ = {isa = PBXFileReference; lastKnownFileType = file; name = "Lato-Thin.ttf"; path = "MasaMoney/Classes/Support/Fonts/Lato-Thin.ttf"; sourceTree = SOURCE_ROOT; };
		869D5DE220A74BFA00A8F0A8 /* Style.swift */ = {isa = PBXFileReference; lastKnownFileType = sourcecode.swift; path = Style.swift; sourceTree = "<group>"; };
		869F029120873D2400B8D2DE /* Splash.swift */ = {isa = PBXFileReference; fileEncoding = 4; lastKnownFileType = sourcecode.swift; path = Splash.swift; sourceTree = "<group>"; };
		869F02CA20877B7900B8D2DE /* Splash.storyboard */ = {isa = PBXFileReference; lastKnownFileType = file.storyboard; path = Splash.storyboard; sourceTree = "<group>"; };
		869F02CE208784E200B8D2DE /* Login.storyboard */ = {isa = PBXFileReference; lastKnownFileType = file.storyboard; path = Login.storyboard; sourceTree = "<group>"; };
		86A04A37208620DF00EB12FF /* MyFirebase.swift */ = {isa = PBXFileReference; fileEncoding = 4; lastKnownFileType = sourcecode.swift; path = MyFirebase.swift; sourceTree = "<group>"; };
		86A04CF92084C57F00C3CBDB /* GoogleService-Info.plist */ = {isa = PBXFileReference; fileEncoding = 4; lastKnownFileType = text.plist.xml; path = "GoogleService-Info.plist"; sourceTree = SOURCE_ROOT; };
		86A04D012084D0CB00C3CBDB /* Main.swift */ = {isa = PBXFileReference; lastKnownFileType = sourcecode.swift; path = Main.swift; sourceTree = "<group>"; };
		86A04D072084E7F400C3CBDB /* Service.swift */ = {isa = PBXFileReference; fileEncoding = 4; lastKnownFileType = sourcecode.swift; path = Service.swift; sourceTree = "<group>"; };
		86A9D55020849B88008F7E18 /* MasaMoney.app */ = {isa = PBXFileReference; explicitFileType = wrapper.application; includeInIndex = 0; path = MasaMoney.app; sourceTree = BUILT_PRODUCTS_DIR; };
		86A9D55320849B88008F7E18 /* AppDelegate.swift */ = {isa = PBXFileReference; lastKnownFileType = sourcecode.swift; path = AppDelegate.swift; sourceTree = "<group>"; };
		86A9D55520849B88008F7E18 /* Login.swift */ = {isa = PBXFileReference; lastKnownFileType = sourcecode.swift; path = Login.swift; sourceTree = "<group>"; };
		86A9D55A20849B8A008F7E18 /* Assets.xcassets */ = {isa = PBXFileReference; lastKnownFileType = folder.assetcatalog; path = Assets.xcassets; sourceTree = "<group>"; };
		86A9D55F20849B8A008F7E18 /* Info.plist */ = {isa = PBXFileReference; lastKnownFileType = text.plist.xml; path = Info.plist; sourceTree = "<group>"; };
		86CBD58A20AB0A15001A0100 /* IncomeCalculator.swift */ = {isa = PBXFileReference; lastKnownFileType = sourcecode.swift; path = IncomeCalculator.swift; sourceTree = "<group>"; };
		86D8E3BA20AE2C130033A3A3 /* Router.swift */ = {isa = PBXFileReference; lastKnownFileType = sourcecode.swift; path = Router.swift; sourceTree = "<group>"; };
		BE2ED6F262DA01B356206276 /* Pods_MasaMoney.framework */ = {isa = PBXFileReference; explicitFileType = wrapper.framework; includeInIndex = 0; path = Pods_MasaMoney.framework; sourceTree = BUILT_PRODUCTS_DIR; };
		DAF6FCE7E6BBA08FDACF6015 /* Pods-MasaMoney.debug.xcconfig */ = {isa = PBXFileReference; includeInIndex = 1; lastKnownFileType = text.xcconfig; name = "Pods-MasaMoney.debug.xcconfig"; path = "Pods/Target Support Files/Pods-MasaMoney/Pods-MasaMoney.debug.xcconfig"; sourceTree = "<group>"; };
		FC7C4152BC7F51CC1D0F26B9 /* Pods-MasaMoney.release.xcconfig */ = {isa = PBXFileReference; includeInIndex = 1; lastKnownFileType = text.xcconfig; name = "Pods-MasaMoney.release.xcconfig"; path = "Pods/Target Support Files/Pods-MasaMoney/Pods-MasaMoney.release.xcconfig"; sourceTree = "<group>"; };
/* End PBXFileReference section */

/* Begin PBXFrameworksBuildPhase section */
		86A9D54D20849B88008F7E18 /* Frameworks */ = {
			isa = PBXFrameworksBuildPhase;
			buildActionMask = 2147483647;
			files = (
				A8BBF0308FD14F00F9E950DB /* Pods_MasaMoney.framework in Frameworks */,
			);
			runOnlyForDeploymentPostprocessing = 0;
		};
/* End PBXFrameworksBuildPhase section */

/* Begin PBXGroup section */
		53A2EF47767F30472D157F8B /* Pods */ = {
			isa = PBXGroup;
			children = (
				DAF6FCE7E6BBA08FDACF6015 /* Pods-MasaMoney.debug.xcconfig */,
				FC7C4152BC7F51CC1D0F26B9 /* Pods-MasaMoney.release.xcconfig */,
			);
			name = Pods;
			sourceTree = "<group>";
		};
		862B0C8D20B17C10008B45C3 /* Movements */ = {
			isa = PBXGroup;
			children = (
				862B0C9020B17C43008B45C3 /* Cells */,
				862B0C9520B180AF008B45C3 /* MovementVC.swift */,
				862B0C9720B19EC5008B45C3 /* MovementDataSource.swift */,
			);
			path = Movements;
			sourceTree = "<group>";
		};
		862B0C9020B17C43008B45C3 /* Cells */ = {
			isa = PBXGroup;
			children = (
				862B0C9120B17C94008B45C3 /* MovementCell.swift */,
				862B0C9220B17C94008B45C3 /* MovementCell.xib */,
			);
			path = Cells;
			sourceTree = "<group>";
		};
		864537CD209A11F70098A32F /* Cells */ = {
			isa = PBXGroup;
			children = (
				864537CE209A123C0098A32F /* AccountsViewCell.swift */,
				864537CF209A123C0098A32F /* AccountsViewCell.xib */,
			);
			path = Cells;
			sourceTree = "<group>";
		};
		866DF24E20A8936700A5B101 /* AddIncome */ = {
			isa = PBXGroup;
			children = (
				866DF25120A8944C00A5B101 /* AddIncome.swift */,
				86CBD58A20AB0A15001A0100 /* IncomeCalculator.swift */,
			);
			path = AddIncome;
			sourceTree = "<group>";
		};
		866DF25720A8976A00A5B101 /* Storyboards */ = {
			isa = PBXGroup;
			children = (
				869F02CA20877B7900B8D2DE /* Splash.storyboard */,
				869F02CE208784E200B8D2DE /* Login.storyboard */,
				860C66262088C54F0095B574 /* Main.storyboard */,
				866DF25520A8965B00A5B101 /* AddIncome.storyboard */,
			);
			path = Storyboards;
			sourceTree = "<group>";
		};
		869D5DE420A74ECA00A8F0A8 /* Fonts */ = {
			isa = PBXGroup;
			children = (
				869D5DD820A74A4700A8F0A8 /* Lato-Bold.ttf */,
				869D5DDA20A74A4700A8F0A8 /* Lato-Light.ttf */,
				869D5DD920A74A4700A8F0A8 /* Lato-Medium.ttf */,
				869D5DDB20A74A4700A8F0A8 /* Lato-Semibold.ttf */,
				869D5DDC20A74A4700A8F0A8 /* Lato-Thin.ttf */,
			);
			path = Fonts;
			sourceTree = "<group>";
		};
		86A04CF52084C4E900C3CBDB /* Supporting Files */ = {
			isa = PBXGroup;
			children = (
				86A9D55F20849B8A008F7E18 /* Info.plist */,
				86A04CF92084C57F00C3CBDB /* GoogleService-Info.plist */,
			);
			path = "Supporting Files";
			sourceTree = "<group>";
		};
		86A04CF62084C50100C3CBDB /* Classes */ = {
			isa = PBXGroup;
			children = (
				86A9D55320849B88008F7E18 /* AppDelegate.swift */,
				86A04CFB2084C5C300C3CBDB /* Models */,
				866DF25720A8976A00A5B101 /* Storyboards */,
				86A04CFC2084C5CE00C3CBDB /* Scenes */,
				86D8E3B920AE2C030033A3A3 /* Managers */,
				86A04CFE2084C5ED00C3CBDB /* Support */,
			);
			path = Classes;
			sourceTree = "<group>";
		};
		86A04CF72084C50A00C3CBDB /* Resources */ = {
			isa = PBXGroup;
			children = (
				86A9D55A20849B8A008F7E18 /* Assets.xcassets */,
			);
			path = Resources;
			sourceTree = "<group>";
		};
		86A04CF82084C52600C3CBDB /* Frameworks */ = {
			isa = PBXGroup;
			children = (
				BE2ED6F262DA01B356206276 /* Pods_MasaMoney.framework */,
			);
			path = Frameworks;
			sourceTree = "<group>";
		};
		86A04CFB2084C5C300C3CBDB /* Models */ = {
			isa = PBXGroup;
			children = (
				864537D2209A15BD0098A32F /* Account.swift */,
				862B0C9920B19F4F008B45C3 /* Movement.swift */,
			);
			path = Models;
			sourceTree = "<group>";
		};
		86A04CFC2084C5CE00C3CBDB /* Scenes */ = {
			isa = PBXGroup;
			children = (
				86A04CFF2084C62500C3CBDB /* Login */,
				86A04D002084D09900C3CBDB /* Main */,
				866DF24E20A8936700A5B101 /* AddIncome */,
				862B0C8D20B17C10008B45C3 /* Movements */,
			);
			path = Scenes;
			sourceTree = "<group>";
		};
		86A04CFE2084C5ED00C3CBDB /* Support */ = {
			isa = PBXGroup;
			children = (
				869D5DE420A74ECA00A8F0A8 /* Fonts */,
				86A04D072084E7F400C3CBDB /* Service.swift */,
				869D5DE220A74BFA00A8F0A8 /* Style.swift */,
				866DF24820A84A3500A5B101 /* RoundButton.swift */,
				866DF25320A8956D00A5B101 /* StoryboardExtension.swift */,
			);
			path = Support;
			sourceTree = "<group>";
		};
		86A04CFF2084C62500C3CBDB /* Login */ = {
			isa = PBXGroup;
			children = (
				869F029120873D2400B8D2DE /* Splash.swift */,
				86A9D55520849B88008F7E18 /* Login.swift */,
			);
			path = Login;
			sourceTree = "<group>";
		};
		86A04D002084D09900C3CBDB /* Main */ = {
			isa = PBXGroup;
			children = (
				864537CD209A11F70098A32F /* Cells */,
				86A04D012084D0CB00C3CBDB /* Main.swift */,
				866DF24A20A8814800A5B101 /* OutcomeDataSource.swift */,
				866DF24C20A885B700A5B101 /* IncomeDataSource.swift */,
			);
			path = Main;
			sourceTree = "<group>";
		};
		86A9D54720849B88008F7E18 = {
			isa = PBXGroup;
			children = (
				86A9D55220849B88008F7E18 /* MasaMoney */,
				86A04CF82084C52600C3CBDB /* Frameworks */,
				86A9D55120849B88008F7E18 /* Products */,
				53A2EF47767F30472D157F8B /* Pods */,
			);
			sourceTree = "<group>";
		};
		86A9D55120849B88008F7E18 /* Products */ = {
			isa = PBXGroup;
			children = (
				86A9D55020849B88008F7E18 /* MasaMoney.app */,
			);
			name = Products;
			sourceTree = "<group>";
		};
		86A9D55220849B88008F7E18 /* MasaMoney */ = {
			isa = PBXGroup;
			children = (
				86A04CF62084C50100C3CBDB /* Classes */,
				86A04CF72084C50A00C3CBDB /* Resources */,
				86A04CF52084C4E900C3CBDB /* Supporting Files */,
			);
			path = MasaMoney;
			sourceTree = "<group>";
		};
		86D8E3B920AE2C030033A3A3 /* Managers */ = {
			isa = PBXGroup;
			children = (
				86D8E3BA20AE2C130033A3A3 /* Router.swift */,
				86A04A37208620DF00EB12FF /* MyFirebase.swift */,
			);
			path = Managers;
			sourceTree = "<group>";
		};
/* End PBXGroup section */

/* Begin PBXNativeTarget section */
		86A9D54F20849B88008F7E18 /* MasaMoney */ = {
			isa = PBXNativeTarget;
			buildConfigurationList = 86A9D56220849B8A008F7E18 /* Build configuration list for PBXNativeTarget "MasaMoney" */;
			buildPhases = (
				45EF85B6E73DE86A1BE85D79 /* [CP] Check Pods Manifest.lock */,
				86A9D54C20849B88008F7E18 /* Sources */,
				86A9D54D20849B88008F7E18 /* Frameworks */,
				86A9D54E20849B88008F7E18 /* Resources */,
				A14082D682B140391F5C126E /* [CP] Embed Pods Frameworks */,
				5DCA53918B76AF2E3C61F699 /* [CP] Copy Pods Resources */,
			);
			buildRules = (
			);
			dependencies = (
			);
			name = MasaMoney;
			productName = MasaMoney;
			productReference = 86A9D55020849B88008F7E18 /* MasaMoney.app */;
			productType = "com.apple.product-type.application";
		};
/* End PBXNativeTarget section */

/* Begin PBXProject section */
		86A9D54820849B88008F7E18 /* Project object */ = {
			isa = PBXProject;
			attributes = {
				LastSwiftUpdateCheck = 0930;
				LastUpgradeCheck = 0930;
				ORGANIZATIONNAME = "Maria Lopez";
				TargetAttributes = {
					86A9D54F20849B88008F7E18 = {
						CreatedOnToolsVersion = 9.3;
					};
				};
			};
			buildConfigurationList = 86A9D54B20849B88008F7E18 /* Build configuration list for PBXProject "MasaMoney" */;
			compatibilityVersion = "Xcode 9.3";
			developmentRegion = en;
			hasScannedForEncodings = 0;
			knownRegions = (
				en,
				Base,
			);
			mainGroup = 86A9D54720849B88008F7E18;
			productRefGroup = 86A9D55120849B88008F7E18 /* Products */;
			projectDirPath = "";
			projectRoot = "";
			targets = (
				86A9D54F20849B88008F7E18 /* MasaMoney */,
			);
		};
/* End PBXProject section */

/* Begin PBXResourcesBuildPhase section */
		86A9D54E20849B88008F7E18 /* Resources */ = {
			isa = PBXResourcesBuildPhase;
			buildActionMask = 2147483647;
			files = (
				869D5DDD20A74A4700A8F0A8 /* Lato-Bold.ttf in Resources */,
				869D5DDE20A74A4700A8F0A8 /* Lato-Medium.ttf in Resources */,
				86A04CFA2084C57F00C3CBDB /* GoogleService-Info.plist in Resources */,
				862B0C9420B17C94008B45C3 /* MovementCell.xib in Resources */,
				869D5DDF20A74A4700A8F0A8 /* Lato-Light.ttf in Resources */,
				866DF25620A8965B00A5B101 /* AddIncome.storyboard in Resources */,
				869D5DE120A74A4700A8F0A8 /* Lato-Thin.ttf in Resources */,
				86A9D55B20849B8A008F7E18 /* Assets.xcassets in Resources */,
				869D5DE020A74A4700A8F0A8 /* Lato-Semibold.ttf in Resources */,
				869F02CF208784E200B8D2DE /* Login.storyboard in Resources */,
				860C66272088C54F0095B574 /* Main.storyboard in Resources */,
				864537D1209A123C0098A32F /* AccountsViewCell.xib in Resources */,
				869F02CB20877B7900B8D2DE /* Splash.storyboard in Resources */,
			);
			runOnlyForDeploymentPostprocessing = 0;
		};
/* End PBXResourcesBuildPhase section */

/* Begin PBXShellScriptBuildPhase section */
		45EF85B6E73DE86A1BE85D79 /* [CP] Check Pods Manifest.lock */ = {
			isa = PBXShellScriptBuildPhase;
			buildActionMask = 2147483647;
			files = (
			);
			inputPaths = (
				"${PODS_PODFILE_DIR_PATH}/Podfile.lock",
				"${PODS_ROOT}/Manifest.lock",
			);
			name = "[CP] Check Pods Manifest.lock";
			outputPaths = (
				"$(DERIVED_FILE_DIR)/Pods-MasaMoney-checkManifestLockResult.txt",
			);
			runOnlyForDeploymentPostprocessing = 0;
			shellPath = /bin/sh;
			shellScript = "diff \"${PODS_PODFILE_DIR_PATH}/Podfile.lock\" \"${PODS_ROOT}/Manifest.lock\" > /dev/null\nif [ $? != 0 ] ; then\n    # print error to STDERR\n    echo \"error: The sandbox is not in sync with the Podfile.lock. Run 'pod install' or update your CocoaPods installation.\" >&2\n    exit 1\nfi\n# This output is used by Xcode 'outputs' to avoid re-running this script phase.\necho \"SUCCESS\" > \"${SCRIPT_OUTPUT_FILE_0}\"\n";
			showEnvVarsInLog = 0;
		};
		5DCA53918B76AF2E3C61F699 /* [CP] Copy Pods Resources */ = {
			isa = PBXShellScriptBuildPhase;
			buildActionMask = 2147483647;
			files = (
			);
			inputPaths = (
				"${SRCROOT}/Pods/Target Support Files/Pods-MasaMoney/Pods-MasaMoney-resources.sh",
				"${PODS_ROOT}/GoogleSignIn/Resources/GoogleSignIn.bundle",
			);
			name = "[CP] Copy Pods Resources";
			outputPaths = (
				"${TARGET_BUILD_DIR}/${UNLOCALIZED_RESOURCES_FOLDER_PATH}/GoogleSignIn.bundle",
			);
			runOnlyForDeploymentPostprocessing = 0;
			shellPath = /bin/sh;
			shellScript = "\"${SRCROOT}/Pods/Target Support Files/Pods-MasaMoney/Pods-MasaMoney-resources.sh\"\n";
			showEnvVarsInLog = 0;
		};
		A14082D682B140391F5C126E /* [CP] Embed Pods Frameworks */ = {
			isa = PBXShellScriptBuildPhase;
			buildActionMask = 2147483647;
			files = (
			);
			inputPaths = (
				"${SRCROOT}/Pods/Target Support Files/Pods-MasaMoney/Pods-MasaMoney-frameworks.sh",
				"${BUILT_PRODUCTS_DIR}/Bolts/Bolts.framework",
				"${BUILT_PRODUCTS_DIR}/FBSDKCoreKit/FBSDKCoreKit.framework",
				"${BUILT_PRODUCTS_DIR}/FBSDKLoginKit/FBSDKLoginKit.framework",
				"${BUILT_PRODUCTS_DIR}/FacebookCore/FacebookCore.framework",
				"${BUILT_PRODUCTS_DIR}/FacebookLogin/FacebookLogin.framework",
				"${BUILT_PRODUCTS_DIR}/GTMOAuth2/GTMOAuth2.framework",
				"${BUILT_PRODUCTS_DIR}/GTMSessionFetcher/GTMSessionFetcher.framework",
				"${BUILT_PRODUCTS_DIR}/GoogleToolboxForMac/GoogleToolboxForMac.framework",
				"${BUILT_PRODUCTS_DIR}/JGProgressHUD/JGProgressHUD.framework",
				"${BUILT_PRODUCTS_DIR}/LBTAComponents/LBTAComponents.framework",
				"${BUILT_PRODUCTS_DIR}/SwiftyJSON/SwiftyJSON.framework",
				"${BUILT_PRODUCTS_DIR}/leveldb-library/leveldb.framework",
				"${BUILT_PRODUCTS_DIR}/nanopb/nanopb.framework",
			);
			name = "[CP] Embed Pods Frameworks";
			outputPaths = (
				"${TARGET_BUILD_DIR}/${FRAMEWORKS_FOLDER_PATH}/Bolts.framework",
				"${TARGET_BUILD_DIR}/${FRAMEWORKS_FOLDER_PATH}/FBSDKCoreKit.framework",
				"${TARGET_BUILD_DIR}/${FRAMEWORKS_FOLDER_PATH}/FBSDKLoginKit.framework",
				"${TARGET_BUILD_DIR}/${FRAMEWORKS_FOLDER_PATH}/FacebookCore.framework",
				"${TARGET_BUILD_DIR}/${FRAMEWORKS_FOLDER_PATH}/FacebookLogin.framework",
				"${TARGET_BUILD_DIR}/${FRAMEWORKS_FOLDER_PATH}/GTMOAuth2.framework",
				"${TARGET_BUILD_DIR}/${FRAMEWORKS_FOLDER_PATH}/GTMSessionFetcher.framework",
				"${TARGET_BUILD_DIR}/${FRAMEWORKS_FOLDER_PATH}/GoogleToolboxForMac.framework",
				"${TARGET_BUILD_DIR}/${FRAMEWORKS_FOLDER_PATH}/JGProgressHUD.framework",
				"${TARGET_BUILD_DIR}/${FRAMEWORKS_FOLDER_PATH}/LBTAComponents.framework",
				"${TARGET_BUILD_DIR}/${FRAMEWORKS_FOLDER_PATH}/SwiftyJSON.framework",
				"${TARGET_BUILD_DIR}/${FRAMEWORKS_FOLDER_PATH}/leveldb.framework",
				"${TARGET_BUILD_DIR}/${FRAMEWORKS_FOLDER_PATH}/nanopb.framework",
			);
			runOnlyForDeploymentPostprocessing = 0;
			shellPath = /bin/sh;
			shellScript = "\"${SRCROOT}/Pods/Target Support Files/Pods-MasaMoney/Pods-MasaMoney-frameworks.sh\"\n";
			showEnvVarsInLog = 0;
		};
/* End PBXShellScriptBuildPhase section */

/* Begin PBXSourcesBuildPhase section */
		86A9D54C20849B88008F7E18 /* Sources */ = {
			isa = PBXSourcesBuildPhase;
			buildActionMask = 2147483647;
			files = (
				86A04D022084D0CB00C3CBDB /* Main.swift in Sources */,
				86CBD58B20AB0A15001A0100 /* IncomeCalculator.swift in Sources */,
				862B0C9620B180AF008B45C3 /* MovementVC.swift in Sources */,
				866DF25220A8944C00A5B101 /* AddIncome.swift in Sources */,
				86A04D082084E7F400C3CBDB /* Service.swift in Sources */,
				86A9D55620849B88008F7E18 /* Login.swift in Sources */,
				86A04A38208620DF00EB12FF /* MyFirebase.swift in Sources */,
				862B0C9320B17C94008B45C3 /* MovementCell.swift in Sources */,
				862B0C9A20B19F4F008B45C3 /* Movement.swift in Sources */,
				869F029220873D2400B8D2DE /* Splash.swift in Sources */,
				86D8E3BB20AE2C130033A3A3 /* Router.swift in Sources */,
				866DF24B20A8814800A5B101 /* OutcomeDataSource.swift in Sources */,
				864537D3209A15BD0098A32F /* Account.swift in Sources */,
				862B0C9820B19EC5008B45C3 /* MovementDataSource.swift in Sources */,
				866DF25420A8956D00A5B101 /* StoryboardExtension.swift in Sources */,
				866DF24D20A885B700A5B101 /* IncomeDataSource.swift in Sources */,
				866DF24920A84A3500A5B101 /* RoundButton.swift in Sources */,
				864537D0209A123C0098A32F /* AccountsViewCell.swift in Sources */,
				86A9D55420849B88008F7E18 /* AppDelegate.swift in Sources */,
				869D5DE320A74BFA00A8F0A8 /* Style.swift in Sources */,
			);
			runOnlyForDeploymentPostprocessing = 0;
		};
/* End PBXSourcesBuildPhase section */

/* Begin XCBuildConfiguration section */
		86A9D56020849B8A008F7E18 /* Debug */ = {
			isa = XCBuildConfiguration;
			buildSettings = {
				ALWAYS_SEARCH_USER_PATHS = NO;
				CLANG_ANALYZER_NONNULL = YES;
				CLANG_ANALYZER_NUMBER_OBJECT_CONVERSION = YES_AGGRESSIVE;
				CLANG_CXX_LANGUAGE_STANDARD = "gnu++14";
				CLANG_CXX_LIBRARY = "libc++";
				CLANG_ENABLE_MODULES = YES;
				CLANG_ENABLE_OBJC_ARC = YES;
				CLANG_ENABLE_OBJC_WEAK = YES;
				CLANG_WARN_BLOCK_CAPTURE_AUTORELEASING = YES;
				CLANG_WARN_BOOL_CONVERSION = YES;
				CLANG_WARN_COMMA = YES;
				CLANG_WARN_CONSTANT_CONVERSION = YES;
				CLANG_WARN_DEPRECATED_OBJC_IMPLEMENTATIONS = YES;
				CLANG_WARN_DIRECT_OBJC_ISA_USAGE = YES_ERROR;
				CLANG_WARN_DOCUMENTATION_COMMENTS = YES;
				CLANG_WARN_EMPTY_BODY = YES;
				CLANG_WARN_ENUM_CONVERSION = YES;
				CLANG_WARN_INFINITE_RECURSION = YES;
				CLANG_WARN_INT_CONVERSION = YES;
				CLANG_WARN_NON_LITERAL_NULL_CONVERSION = YES;
				CLANG_WARN_OBJC_IMPLICIT_RETAIN_SELF = YES;
				CLANG_WARN_OBJC_LITERAL_CONVERSION = YES;
				CLANG_WARN_OBJC_ROOT_CLASS = YES_ERROR;
				CLANG_WARN_RANGE_LOOP_ANALYSIS = YES;
				CLANG_WARN_STRICT_PROTOTYPES = YES;
				CLANG_WARN_SUSPICIOUS_MOVE = YES;
				CLANG_WARN_UNGUARDED_AVAILABILITY = YES_AGGRESSIVE;
				CLANG_WARN_UNREACHABLE_CODE = YES;
				CLANG_WARN__DUPLICATE_METHOD_MATCH = YES;
				CODE_SIGN_IDENTITY = "iPhone Developer";
				COPY_PHASE_STRIP = NO;
				DEBUG_INFORMATION_FORMAT = dwarf;
				ENABLE_STRICT_OBJC_MSGSEND = YES;
				ENABLE_TESTABILITY = YES;
				GCC_C_LANGUAGE_STANDARD = gnu11;
				GCC_DYNAMIC_NO_PIC = NO;
				GCC_NO_COMMON_BLOCKS = YES;
				GCC_OPTIMIZATION_LEVEL = 0;
				GCC_PREPROCESSOR_DEFINITIONS = (
					"DEBUG=1",
					"$(inherited)",
				);
				GCC_WARN_64_TO_32_BIT_CONVERSION = YES;
				GCC_WARN_ABOUT_RETURN_TYPE = YES_ERROR;
				GCC_WARN_UNDECLARED_SELECTOR = YES;
				GCC_WARN_UNINITIALIZED_AUTOS = YES_AGGRESSIVE;
				GCC_WARN_UNUSED_FUNCTION = YES;
				GCC_WARN_UNUSED_VARIABLE = YES;
				IPHONEOS_DEPLOYMENT_TARGET = 11.3;
				MTL_ENABLE_DEBUG_INFO = YES;
				ONLY_ACTIVE_ARCH = YES;
				SDKROOT = iphoneos;
				SWIFT_ACTIVE_COMPILATION_CONDITIONS = DEBUG;
				SWIFT_OPTIMIZATION_LEVEL = "-Onone";
			};
			name = Debug;
		};
		86A9D56120849B8A008F7E18 /* Release */ = {
			isa = XCBuildConfiguration;
			buildSettings = {
				ALWAYS_SEARCH_USER_PATHS = NO;
				CLANG_ANALYZER_NONNULL = YES;
				CLANG_ANALYZER_NUMBER_OBJECT_CONVERSION = YES_AGGRESSIVE;
				CLANG_CXX_LANGUAGE_STANDARD = "gnu++14";
				CLANG_CXX_LIBRARY = "libc++";
				CLANG_ENABLE_MODULES = YES;
				CLANG_ENABLE_OBJC_ARC = YES;
				CLANG_ENABLE_OBJC_WEAK = YES;
				CLANG_WARN_BLOCK_CAPTURE_AUTORELEASING = YES;
				CLANG_WARN_BOOL_CONVERSION = YES;
				CLANG_WARN_COMMA = YES;
				CLANG_WARN_CONSTANT_CONVERSION = YES;
				CLANG_WARN_DEPRECATED_OBJC_IMPLEMENTATIONS = YES;
				CLANG_WARN_DIRECT_OBJC_ISA_USAGE = YES_ERROR;
				CLANG_WARN_DOCUMENTATION_COMMENTS = YES;
				CLANG_WARN_EMPTY_BODY = YES;
				CLANG_WARN_ENUM_CONVERSION = YES;
				CLANG_WARN_INFINITE_RECURSION = YES;
				CLANG_WARN_INT_CONVERSION = YES;
				CLANG_WARN_NON_LITERAL_NULL_CONVERSION = YES;
				CLANG_WARN_OBJC_IMPLICIT_RETAIN_SELF = YES;
				CLANG_WARN_OBJC_LITERAL_CONVERSION = YES;
				CLANG_WARN_OBJC_ROOT_CLASS = YES_ERROR;
				CLANG_WARN_RANGE_LOOP_ANALYSIS = YES;
				CLANG_WARN_STRICT_PROTOTYPES = YES;
				CLANG_WARN_SUSPICIOUS_MOVE = YES;
				CLANG_WARN_UNGUARDED_AVAILABILITY = YES_AGGRESSIVE;
				CLANG_WARN_UNREACHABLE_CODE = YES;
				CLANG_WARN__DUPLICATE_METHOD_MATCH = YES;
				CODE_SIGN_IDENTITY = "iPhone Developer";
				COPY_PHASE_STRIP = NO;
				DEBUG_INFORMATION_FORMAT = "dwarf-with-dsym";
				ENABLE_NS_ASSERTIONS = NO;
				ENABLE_STRICT_OBJC_MSGSEND = YES;
				GCC_C_LANGUAGE_STANDARD = gnu11;
				GCC_NO_COMMON_BLOCKS = YES;
				GCC_WARN_64_TO_32_BIT_CONVERSION = YES;
				GCC_WARN_ABOUT_RETURN_TYPE = YES_ERROR;
				GCC_WARN_UNDECLARED_SELECTOR = YES;
				GCC_WARN_UNINITIALIZED_AUTOS = YES_AGGRESSIVE;
				GCC_WARN_UNUSED_FUNCTION = YES;
				GCC_WARN_UNUSED_VARIABLE = YES;
				IPHONEOS_DEPLOYMENT_TARGET = 11.3;
				MTL_ENABLE_DEBUG_INFO = NO;
				SDKROOT = iphoneos;
				SWIFT_COMPILATION_MODE = wholemodule;
				SWIFT_OPTIMIZATION_LEVEL = "-O";
				VALIDATE_PRODUCT = YES;
			};
			name = Release;
		};
		86A9D56320849B8A008F7E18 /* Debug */ = {
			isa = XCBuildConfiguration;
			baseConfigurationReference = DAF6FCE7E6BBA08FDACF6015 /* Pods-MasaMoney.debug.xcconfig */;
			buildSettings = {
				ASSETCATALOG_COMPILER_APPICON_NAME = AppIcon;
				CODE_SIGN_STYLE = Automatic;
				DEVELOPMENT_TEAM = 3SZ9W3PW38;
				INFOPLIST_FILE = "$(SRCROOT)/MasaMoney/Supporting Files/Info.plist";
				LD_RUNPATH_SEARCH_PATHS = (
					"$(inherited)",
					"@executable_path/Frameworks",
				);
				PRODUCT_BUNDLE_IDENTIFIER = Masa.MasaMoney;
				PRODUCT_NAME = "$(TARGET_NAME)";
				SWIFT_VERSION = 4.0;
				TARGETED_DEVICE_FAMILY = 1;
			};
			name = Debug;
		};
		86A9D56420849B8A008F7E18 /* Release */ = {
			isa = XCBuildConfiguration;
			baseConfigurationReference = FC7C4152BC7F51CC1D0F26B9 /* Pods-MasaMoney.release.xcconfig */;
			buildSettings = {
				ASSETCATALOG_COMPILER_APPICON_NAME = AppIcon;
				CODE_SIGN_STYLE = Automatic;
				DEVELOPMENT_TEAM = 3SZ9W3PW38;
				INFOPLIST_FILE = "$(SRCROOT)/MasaMoney/Supporting Files/Info.plist";
				LD_RUNPATH_SEARCH_PATHS = (
					"$(inherited)",
					"@executable_path/Frameworks",
				);
				PRODUCT_BUNDLE_IDENTIFIER = Masa.MasaMoney;
				PRODUCT_NAME = "$(TARGET_NAME)";
				SWIFT_VERSION = 4.0;
				TARGETED_DEVICE_FAMILY = 1;
			};
			name = Release;
		};
/* End XCBuildConfiguration section */

/* Begin XCConfigurationList section */
		86A9D54B20849B88008F7E18 /* Build configuration list for PBXProject "MasaMoney" */ = {
			isa = XCConfigurationList;
			buildConfigurations = (
				86A9D56020849B8A008F7E18 /* Debug */,
				86A9D56120849B8A008F7E18 /* Release */,
			);
			defaultConfigurationIsVisible = 0;
			defaultConfigurationName = Release;
		};
		86A9D56220849B8A008F7E18 /* Build configuration list for PBXNativeTarget "MasaMoney" */ = {
			isa = XCConfigurationList;
			buildConfigurations = (
				86A9D56320849B8A008F7E18 /* Debug */,
				86A9D56420849B8A008F7E18 /* Release */,
			);
			defaultConfigurationIsVisible = 0;
			defaultConfigurationName = Release;
		};
/* End XCConfigurationList section */
	};
	rootObject = 86A9D54820849B88008F7E18 /* Project object */;
}
